{
	"archiveVersion": "1",
	"classes": {},
	"objectVersion": "54",
	"objects": {
		"03973D16-E2B7-40C9-AAC5-39FF55EB6CBC": {
			"explicitFileType": "sourcecode.c.h",
			"fileEncoding": "4",
			"isa": "PBXFileReference",
			"name": "c_api.h",
			"path": "../../../addons/ofxTensorFlow2/libs/tensorflow/include/tensorflow/c/eager/c_api.h",
			"sourceTree": "SOURCE_ROOT"
		},
		"04608475-87A2-4F41-A5FE-E26BD0C59F35": {
			"explicitFileType": "sourcecode.cpp.cpp",
			"fileEncoding": "4",
			"isa": "PBXFileReference",
			"name": "ofxToggle.cpp",
			"path": "../../../addons/ofxGui/src/ofxToggle.cpp",
			"sourceTree": "SOURCE_ROOT"
		},
		"065B5E80-8F11-451F-AA1B-73E315B42CA9": {
			"explicitFileType": "sourcecode.c.h",
			"fileEncoding": "4",
			"isa": "PBXFileReference",
			"name": "ofxSliderGroup.h",
			"path": "../../../addons/ofxGui/src/ofxSliderGroup.h",
			"sourceTree": "SOURCE_ROOT"
		},
		"067764FD-3653-48ED-B405-D3765D602205": {
			"explicitFileType": "sourcecode.cpp.cpp",
			"fileEncoding": "4",
			"isa": "PBXFileReference",
			"name": "ofxTF2Model.cpp",
			"path": "../../../addons/ofxTensorFlow2/src/ofxTF2Model.cpp",
			"sourceTree": "SOURCE_ROOT"
		},
		"0683F589-8495-474B-A835-5A3B3844AFE4": {
			"explicitFileType": "sourcecode.c.h",
			"fileEncoding": "4",
			"isa": "PBXFileReference",
			"name": "defer.h",
			"path": "../../../addons/ofxTensorFlow2/libs/cppflow/include/cppflow/defer.h",
			"sourceTree": "SOURCE_ROOT"
		},
		"0C0B57C5-BEA7-4D86-B333-717F08C6FD22": {
			"explicitFileType": "sourcecode.cpp.cpp",
			"fileEncoding": "4",
			"isa": "PBXFileReference",
			"name": "tinyxmlparser.cpp",
			"path": "../../../addons/ofxXmlSettings/libs/tinyxmlparser.cpp",
			"sourceTree": "SOURCE_ROOT"
		},
		"0ED2851B-0F3A-4238-B5DB-10760DBE4F9A": {
			"isa": "PBXFileReference",
			"lastKnownFileType": "compiled.mach-o.dylib",
			"name": "libtensorflow.2.8.0.dylib",
			"path": "../../../addons/ofxTensorFlow2/libs/tensorflow/lib/osx/libtensorflow.2.8.0.dylib",
			"sourceTree": "SOURCE_ROOT"
		},
		"131A845D-2010-46D0-9CFA-E5B6E94CE8C9": {
			"explicitFileType": "sourcecode.c.h",
			"fileEncoding": "4",
			"isa": "PBXFileReference",
			"name": "ofxYolo.h",
			"path": "src/ofxYolo.h",
			"sourceTree": "SOURCE_ROOT"
		},
		"131AA979-0960-45D8-A29A-74E9A5CB22D4": {
			"children": [
				"3903371B-DCE1-47D0-97A1-2CC6C2219E08",
				"5DEBDD5A-D581-4BC6-ACC3-27666C16DAA2",
				"388CD1C3-A714-4E01-A914-13974E3AB236",
				"CAAC3EB7-F8E7-48D6-94D2-662A3036B233",
				"0ED2851B-0F3A-4238-B5DB-10760DBE4F9A",
				"E61132F3-2712-48E7-9F5B-F4F823DF9905"
			],
			"isa": "PBXGroup",
			"name": "osx",
			"sourceTree": "SOURCE_ROOT"
		},
		"131FBCD3-FF48-4CD4-9D0B-ED47DDA64CB9": {
			"explicitFileType": "sourcecode.c.h",
			"fileEncoding": "4",
			"isa": "PBXFileReference",
			"name": "ofxInputField.h",
			"path": "../../../addons/ofxGui/src/ofxInputField.h",
			"sourceTree": "SOURCE_ROOT"
		},
		"142CF805-3CE3-402C-9B9A-73CB38260CBE": {
			"explicitFileType": "sourcecode.cpp.cpp",
			"fileEncoding": "4",
			"isa": "PBXFileReference",
			"name": "tinyxml.cpp",
			"path": "../../../addons/ofxXmlSettings/libs/tinyxml.cpp",
			"sourceTree": "SOURCE_ROOT"
		},
		"191CD6FA2847E21E0085CBB6": {
			"fileEncoding": "4",
			"isa": "PBXFileReference",
			"lastKnownFileType": "text.plist.entitlements",
			"path": "of.entitlements",
			"sourceTree": "<group>"
		},
		"191EF70929D778A400F35F26": {
			"isa": "PBXFileReference",
			"lastKnownFileType": "folder",
			"name": "openFrameworks",
			"path": "../../../libs/openFrameworks",
			"sourceTree": "SOURCE_ROOT"
		},
		"19B789C429E5AB4A0082E9B8": {
			"buildActionMask": "2147483647",
			"files": [],
			"inputFileListPaths": [],
			"inputPaths": [],
			"isa": "PBXShellScriptBuildPhase",
			"outputFileListPaths": [],
			"outputPaths": [],
			"runOnlyForDeploymentPostprocessing": "0",
			"shellPath": "/bin/sh",
			"shellScript": "\"$OF_PATH/scripts/osx/xcode_project.sh\"\n",
			"showEnvVarsInLog": "0"
		},
		"203392D5-E3E9-49B5-9BBB-B2500A8A59F2": {
			"explicitFileType": "sourcecode.c.h",
			"fileEncoding": "4",
			"isa": "PBXFileReference",
			"name": "cppflow.h",
			"path": "../../../addons/ofxTensorFlow2/libs/cppflow/include/cppflow/cppflow.h",
			"sourceTree": "SOURCE_ROOT"
		},
		"2268702C-8FCD-4B19-A1E6-00513DF41F8A": {
			"fileRef": "5DC4D142-D895-4B83-8C82-2489D0F8D7C6",
			"isa": "PBXBuildFile"
		},
		"249AE670-9960-43BF-8381-F6D7602AF3CB": {
			"fileRef": "5DEBDD5A-D581-4BC6-ACC3-27666C16DAA2",
			"isa": "PBXBuildFile",
			"settings": {
				"ATTRIBUTES": [
					"CodeSignOnCopy"
				]
			}
		},
		"27864BAE-40B7-4DF7-9E1B-EDC5184F4F85": {
			"children": [
				"D04B00FF-241E-446F-9F10-A95653C5F4BB",
				"DE583442-9559-444A-8382-440678B985C8"
			],
			"isa": "PBXGroup",
			"name": "platform",
			"path": "../../../addons/ofxTensorFlow2/libs/tensorflow/include/tensorflow/core/platform",
			"sourceTree": "SOURCE_ROOT"
		},
		"2798071B-CD02-456F-99FE-A2395C1FF102": {
			"explicitFileType": "sourcecode.cpp.cpp",
			"fileEncoding": "4",
			"isa": "PBXFileReference",
			"name": "tinyxmlerror.cpp",
			"path": "../../../addons/ofxXmlSettings/libs/tinyxmlerror.cpp",
			"sourceTree": "SOURCE_ROOT"
		},
		"2A101720-5A31-4C25-BA61-53DB10603D68": {
			"fileRef": "067764FD-3653-48ED-B405-D3765D602205",
			"isa": "PBXBuildFile"
		},
		"2F81B143-5A64-409A-B3B2-F51EEB97C6BA": {
			"explicitFileType": "sourcecode.cpp.cpp",
			"fileEncoding": "4",
			"isa": "PBXFileReference",
			"name": "ofxButton.cpp",
			"path": "../../../addons/ofxGui/src/ofxButton.cpp",
			"sourceTree": "SOURCE_ROOT"
		},
		"3080B0A1-0F2B-42F6-BEF1-18966C9C250F": {
			"explicitFileType": "sourcecode.c.h",
			"fileEncoding": "4",
			"isa": "PBXFileReference",
			"name": "ofxTF2Model.h",
			"path": "../../../addons/ofxTensorFlow2/src/ofxTF2Model.h",
			"sourceTree": "SOURCE_ROOT"
		},
		"321B968D-00F3-49B5-B19C-962709964E5D": {
			"children": [
				"03973D16-E2B7-40C9-AAC5-39FF55EB6CBC",
				"A8B8AEB4-9EBD-4448-815F-C90D34B26710",
				"7BC7C84F-4072-4193-9EE3-0E9B935C6DEA"
			],
			"isa": "PBXGroup",
			"name": "eager",
			"path": "../../../addons/ofxTensorFlow2/libs/tensorflow/include/tensorflow/c/eager",
			"sourceTree": "SOURCE_ROOT"
		},
		"33AC6E2A-7142-4F62-8F7B-65D8488C4918": {
			"explicitFileType": "sourcecode.c.h",
			"fileEncoding": "4",
			"isa": "PBXFileReference",
			"name": "ofxSlider.h",
			"path": "../../../addons/ofxGui/src/ofxSlider.h",
			"sourceTree": "SOURCE_ROOT"
		},
		"386CEA51-3E39-4822-B4C4-544569D65725": {
			"children": [
				"58C72F9A-CFAE-4ADC-8BF0-118EADAD261C",
				"AE6BB206-D4F3-497B-8768-86C3FD29A530",
				"2F81B143-5A64-409A-B3B2-F51EEB97C6BA",
				"E1CB1060-99DD-4732-AA14-D43F6D0677C8",
				"BE87C7F2-9405-4076-9E41-0BF612ACE440",
				"753F36CC-323B-44D6-827F-725413BF7483",
				"5EF42D32-5AA8-4237-B7A1-282BE8BA725F",
				"5DC4D142-D895-4B83-8C82-2489D0F8D7C6",
				"74883B41-32DE-4CEC-94BD-0EDDE908D4BD",
				"E2BE578A-B9C6-46CA-9E48-3710B05A45A2",
				"493026A1-F167-4948-A4BD-FC64FD08D668",
				"131FBCD3-FF48-4CD4-9D0B-ED47DDA64CB9",
				"785BE630-5586-48B1-83AD-07143D63D41D",
				"FCF04B42-BEC1-4FC6-8E7F-920A176BD167",
				"CDE7FF44-B0E1-4215-AAC0-2A9A5A15843B",
				"C14A2BEB-DA1B-419D-8D41-CACD3244D6F7",
				"E1A7EF42-154B-4786-ABFE-3438CD35F2D9",
				"33AC6E2A-7142-4F62-8F7B-65D8488C4918",
				"EE7C09EB-35C0-4CD0-98A9-4E4016ED8859",
				"065B5E80-8F11-451F-AA1B-73E315B42CA9",
				"04608475-87A2-4F41-A5FE-E26BD0C59F35",
				"8E6DE40C-FF11-4DD4-B4FA-64A5F7992F15"
			],
			"isa": "PBXGroup",
			"name": "src",
			"path": "../../../addons/ofxGui/src",
			"sourceTree": "SOURCE_ROOT"
		},
		"388CD1C3-A714-4E01-A914-13974E3AB236": {
			"isa": "PBXFileReference",
			"lastKnownFileType": "compiled.mach-o.dylib",
			"name": "libtensorflow_framework.2.dylib",
			"path": "../../../addons/ofxTensorFlow2/libs/tensorflow/lib/osx/libtensorflow_framework.2.dylib",
			"sourceTree": "SOURCE_ROOT"
		},
		"3903371B-DCE1-47D0-97A1-2CC6C2219E08": {
			"isa": "PBXFileReference",
			"lastKnownFileType": "compiled.mach-o.dylib",
			"name": "libtensorflow.dylib",
			"path": "../../../addons/ofxTensorFlow2/libs/tensorflow/lib/osx/libtensorflow.dylib",
			"sourceTree": "SOURCE_ROOT"
		},
		"3A39DC2A-D58C-42E5-BF10-58659C66DFDC": {
			"explicitFileType": "sourcecode.cpp.cpp",
			"fileEncoding": "4",
			"isa": "PBXFileReference",
			"name": "ofxTensorFlow2Utils.cpp",
			"path": "../../../addons/ofxTensorFlow2/src/ofxTensorFlow2Utils.cpp",
			"sourceTree": "SOURCE_ROOT"
		},
		"40D668D4-24D4-4F77-9D74-C77B7C8D28B7": {
			"fileRef": "48386AD2-FBB5-4A57-A721-92084207898E",
			"isa": "PBXBuildFile"
		},
		"40FA37BD-3F13-47B3-931E-8CDD52F60D43": {
			"fileRef": "142CF805-3CE3-402C-9B9A-73CB38260CBE",
			"isa": "PBXBuildFile"
		},
		"47122856-5C2C-45AE-946F-0D2F33904686": {
			"explicitFileType": "sourcecode.c.h",
			"fileEncoding": "4",
			"isa": "PBXFileReference",
			"name": "tf_status.h",
			"path": "../../../addons/ofxTensorFlow2/libs/tensorflow/include/tensorflow/c/tf_status.h",
			"sourceTree": "SOURCE_ROOT"
		},
		"48386AD2-FBB5-4A57-A721-92084207898E": {
			"explicitFileType": "sourcecode.cpp.cpp",
			"fileEncoding": "4",
			"isa": "PBXFileReference",
			"name": "ofxTF2ThreadedModel.cpp",
			"path": "../../../addons/ofxTensorFlow2/src/ofxTF2ThreadedModel.cpp",
			"sourceTree": "SOURCE_ROOT"
		},
		"490E2EB0-1FDC-4271-BC22-367C911467EE": {
			"children": [
				"88CAA4FB-40F4-432F-994B-5770006FF010"
			],
			"isa": "PBXGroup",
			"name": "include",
			"path": "../../../addons/ofxTensorFlow2/libs/cppflow/include",
			"sourceTree": "SOURCE_ROOT"
		},
		"493026A1-F167-4948-A4BD-FC64FD08D668": {
			"explicitFileType": "sourcecode.cpp.cpp",
			"fileEncoding": "4",
			"isa": "PBXFileReference",
			"name": "ofxInputField.cpp",
			"path": "../../../addons/ofxGui/src/ofxInputField.cpp",
			"sourceTree": "SOURCE_ROOT"
		},
		"4B5AF85F-D46B-4FE7-9D82-3C408A6345B7": {
			"explicitFileType": "sourcecode.c.h",
			"fileEncoding": "4",
			"isa": "PBXFileReference",
			"name": "tensor_interface.h",
			"path": "../../../addons/ofxTensorFlow2/libs/tensorflow/include/tensorflow/c/tensor_interface.h",
			"sourceTree": "SOURCE_ROOT"
		},
		"50AC228A-3636-4859-9304-D08438400856": {
			"explicitFileType": "sourcecode.c.h",
			"fileEncoding": "4",
			"isa": "PBXFileReference",
			"name": "ofxXmlSettings.h",
			"path": "../../../addons/ofxXmlSettings/src/ofxXmlSettings.h",
			"sourceTree": "SOURCE_ROOT"
		},
		"52280760-82E3-47CF-817B-7C2372A60B88": {
			"fileRef": "3903371B-DCE1-47D0-97A1-2CC6C2219E08",
			"isa": "PBXBuildFile",
			"settings": {
				"ATTRIBUTES": [
					"CodeSignOnCopy"
				]
			}
		},
		"58C72F9A-CFAE-4ADC-8BF0-118EADAD261C": {
			"explicitFileType": "sourcecode.cpp.cpp",
			"fileEncoding": "4",
			"isa": "PBXFileReference",
			"name": "ofxBaseGui.cpp",
			"path": "../../../addons/ofxGui/src/ofxBaseGui.cpp",
			"sourceTree": "SOURCE_ROOT"
		},
		"5DC4D142-D895-4B83-8C82-2489D0F8D7C6": {
			"explicitFileType": "sourcecode.cpp.cpp",
			"fileEncoding": "4",
			"isa": "PBXFileReference",
			"name": "ofxGuiGroup.cpp",
			"path": "../../../addons/ofxGui/src/ofxGuiGroup.cpp",
			"sourceTree": "SOURCE_ROOT"
		},
		"5DEBDD5A-D581-4BC6-ACC3-27666C16DAA2": {
			"isa": "PBXFileReference",
			"lastKnownFileType": "compiled.mach-o.dylib",
			"name": "libtensorflow_framework.2.8.0.dylib",
			"path": "../../../addons/ofxTensorFlow2/libs/tensorflow/lib/osx/libtensorflow_framework.2.8.0.dylib",
			"sourceTree": "SOURCE_ROOT"
		},
		"5EF42D32-5AA8-4237-B7A1-282BE8BA725F": {
			"explicitFileType": "sourcecode.c.h",
			"fileEncoding": "4",
			"isa": "PBXFileReference",
			"name": "ofxGui.h",
			"path": "../../../addons/ofxGui/src/ofxGui.h",
			"sourceTree": "SOURCE_ROOT"
		},
		"600BF197-6F56-40F3-B04D-F0D6A9EBFA9B": {
			"fileRef": "785BE630-5586-48B1-83AD-07143D63D41D",
			"isa": "PBXBuildFile"
		},
		"603D24CF-7411-4D06-9FB3-371DB3446CF3": {
			"children": [
				"131AA979-0960-45D8-A29A-74E9A5CB22D4"
			],
			"isa": "PBXGroup",
			"name": "lib",
			"sourceTree": "SOURCE_ROOT"
		},
		"60F28F20-1D72-4388-A314-1D29D34F3579": {
			"explicitFileType": "sourcecode.c.h",
			"fileEncoding": "4",
			"isa": "PBXFileReference",
			"name": "tf_tensor.h",
			"path": "../../../addons/ofxTensorFlow2/libs/tensorflow/include/tensorflow/c/tf_tensor.h",
			"sourceTree": "SOURCE_ROOT"
		},
		"628E5967-3160-46B7-A54C-CAF1BE6D7998": {
			"explicitFileType": "sourcecode.c.h",
			"fileEncoding": "4",
			"isa": "PBXFileReference",
			"name": "tinyxml.h",
			"path": "../../../addons/ofxXmlSettings/libs/tinyxml.h",
			"sourceTree": "SOURCE_ROOT"
		},
		"65C855A9-979F-4269-A2AD-374FA743D0F7": {
			"explicitFileType": "sourcecode.c.h",
			"fileEncoding": "4",
			"isa": "PBXFileReference",
			"name": "tf_tstring.h",
			"path": "../../../addons/ofxTensorFlow2/libs/tensorflow/include/tensorflow/c/tf_tstring.h",
			"sourceTree": "SOURCE_ROOT"
		},
		"6A3157BD-DE73-49EE-90F2-87D15E7DFB23": {
			"fileRef": "E61132F3-2712-48E7-9F5B-F4F823DF9905",
			"isa": "PBXBuildFile",
			"settings": {
				"ATTRIBUTES": [
					"CodeSignOnCopy"
				]
			}
		},
		"6ADC0494-B9DD-4E1A-BF4F-BC1B1B8CE3A6": {
			"children": [
				"386CEA51-3E39-4822-B4C4-544569D65725"
			],
			"isa": "PBXGroup",
			"name": "ofxGui",
			"path": "../../../addons/ofxGui",
			"sourceTree": "SOURCE_ROOT"
		},
		"6F00DEA4-9281-46BA-ADB6-3D468245E8D6": {
			"children": [
				"490E2EB0-1FDC-4271-BC22-367C911467EE"
			],
			"isa": "PBXGroup",
			"name": "cppflow",
			"path": "../../../addons/ofxTensorFlow2/libs/cppflow",
			"sourceTree": "SOURCE_ROOT"
		},
		"74883B41-32DE-4CEC-94BD-0EDDE908D4BD": {
			"explicitFileType": "sourcecode.c.h",
			"fileEncoding": "4",
			"isa": "PBXFileReference",
			"name": "ofxGuiGroup.h",
			"path": "../../../addons/ofxGui/src/ofxGuiGroup.h",
			"sourceTree": "SOURCE_ROOT"
		},
		"753F36CC-323B-44D6-827F-725413BF7483": {
			"explicitFileType": "sourcecode.c.h",
			"fileEncoding": "4",
			"isa": "PBXFileReference",
			"name": "ofxColorPicker.h",
			"path": "../../../addons/ofxGui/src/ofxColorPicker.h",
			"sourceTree": "SOURCE_ROOT"
		},
		"77A28F4A-B650-4273-B3DE-414DD8CE5795": {
			"explicitFileType": "sourcecode.c.h",
			"fileEncoding": "4",
			"isa": "PBXFileReference",
			"name": "c_api_macros.h",
			"path": "../../../addons/ofxTensorFlow2/libs/tensorflow/include/tensorflow/c/c_api_macros.h",
			"sourceTree": "SOURCE_ROOT"
		},
		"785BE630-5586-48B1-83AD-07143D63D41D": {
			"explicitFileType": "sourcecode.cpp.cpp",
			"fileEncoding": "4",
			"isa": "PBXFileReference",
			"name": "ofxLabel.cpp",
			"path": "../../../addons/ofxGui/src/ofxLabel.cpp",
			"sourceTree": "SOURCE_ROOT"
		},
		"78F3FBF2-134C-44DE-83DA-7AAF5CFEF957": {
			"fileRef": "EE7C09EB-35C0-4CD0-98A9-4E4016ED8859",
			"isa": "PBXBuildFile"
		},
		"7BC7C84F-4072-4193-9EE3-0E9B935C6DEA": {
			"explicitFileType": "sourcecode.c.h",
			"fileEncoding": "4",
			"isa": "PBXFileReference",
			"name": "dlpack.h",
			"path": "../../../addons/ofxTensorFlow2/libs/tensorflow/include/tensorflow/c/eager/dlpack.h",
			"sourceTree": "SOURCE_ROOT"
		},
		"7C626357-9130-4B12-8E2D-859FF8D84B78": {
			"children": [
				"D0720EE3-93DC-4780-A03D-FC7EE2422D7B",
				"AA889445-C663-45AB-A81D-0762FD57F6B7"
			],
			"isa": "PBXGroup",
			"name": "ofxXmlSettings",
			"path": "../../../addons/ofxXmlSettings",
			"sourceTree": "SOURCE_ROOT"
		},
		"7EF972A3-2FB6-48CB-B1FD-5D4275D82FB0": {
			"children": [
				"27864BAE-40B7-4DF7-9E1B-EDC5184F4F85"
			],
			"isa": "PBXGroup",
			"name": "core",
			"path": "../../../addons/ofxTensorFlow2/libs/tensorflow/include/tensorflow/core",
			"sourceTree": "SOURCE_ROOT"
		},
		"80675219-0388-4909-A221-B03BBF677C75": {
			"fileRef": "2798071B-CD02-456F-99FE-A2395C1FF102",
			"isa": "PBXBuildFile"
		},
		"807C5151-96E3-460A-80CE-D2C5DFF3D0F4": {
			"fileRef": "0ED2851B-0F3A-4238-B5DB-10760DBE4F9A",
			"isa": "PBXBuildFile",
			"settings": {
				"ATTRIBUTES": [
					"CodeSignOnCopy"
				]
			}
		},
		"80C326BB-E05A-482B-9CA5-D48CA5014E4F": {
			"explicitFileType": "sourcecode.cpp.cpp",
			"fileEncoding": "4",
			"isa": "PBXFileReference",
			"name": "ofxXmlSettings.cpp",
			"path": "../../../addons/ofxXmlSettings/src/ofxXmlSettings.cpp",
			"sourceTree": "SOURCE_ROOT"
		},
		"81A51AFC-9BF4-476B-891A-B7FF96F3CC8E": {
			"explicitFileType": "sourcecode.c.h",
			"fileEncoding": "4",
			"isa": "PBXFileReference",
			"name": "ofxTensorFlow2Utils.h",
			"path": "../../../addons/ofxTensorFlow2/src/ofxTensorFlow2Utils.h",
			"sourceTree": "SOURCE_ROOT"
		},
		"83D906FE-3EC1-4069-8F23-59FE9FD53A11": {
			"explicitFileType": "sourcecode.c.h",
			"fileEncoding": "4",
			"isa": "PBXFileReference",
			"name": "ofxColorPicker.h",
			"path": "src/ofxColorPicker.h",
			"sourceTree": "SOURCE_ROOT"
		},
		"868F3150-9C10-4190-94A3-CA0AAD9A7634": {
			"explicitFileType": "sourcecode.c.h",
			"fileEncoding": "4",
			"isa": "PBXFileReference",
			"name": "model.h",
			"path": "../../../addons/ofxTensorFlow2/libs/cppflow/include/cppflow/model.h",
			"sourceTree": "SOURCE_ROOT"
		},
		"883ACFDE-E8D8-4121-96F0-3A4D9A7F8863": {
			"explicitFileType": "sourcecode.c.h",
			"fileEncoding": "4",
			"isa": "PBXFileReference",
			"name": "datatype.h",
			"path": "../../../addons/ofxTensorFlow2/libs/cppflow/include/cppflow/datatype.h",
			"sourceTree": "SOURCE_ROOT"
		},
		"88CAA4FB-40F4-432F-994B-5770006FF010": {
			"children": [
				"E7F1AF68-2DA4-455F-B9EE-511AF5D73BB8",
				"203392D5-E3E9-49B5-9BBB-B2500A8A59F2",
				"883ACFDE-E8D8-4121-96F0-3A4D9A7F8863",
				"0683F589-8495-474B-A835-5A3B3844AFE4",
				"868F3150-9C10-4190-94A3-CA0AAD9A7634",
				"95F40806-940B-4B4A-A049-756382490DEF",
				"F45502F2-7CC3-4002-8DC4-3499CC6D7B06",
				"A040B128-E176-4105-95E5-C157AC5A205C"
			],
			"isa": "PBXGroup",
			"name": "cppflow",
			"path": "../../../addons/ofxTensorFlow2/libs/cppflow/include/cppflow",
			"sourceTree": "SOURCE_ROOT"
		},
		"8E6DE40C-FF11-4DD4-B4FA-64A5F7992F15": {
			"explicitFileType": "sourcecode.c.h",
			"fileEncoding": "4",
			"isa": "PBXFileReference",
			"name": "ofxToggle.h",
			"path": "../../../addons/ofxGui/src/ofxToggle.h",
			"sourceTree": "SOURCE_ROOT"
		},
		"937BF76C-7838-4919-8BDF-F812E4A0996F": {
			"explicitFileType": "sourcecode.c.h",
			"fileEncoding": "4",
			"isa": "PBXFileReference",
			"name": "ofxTF2ThreadedModel.h",
			"path": "../../../addons/ofxTensorFlow2/src/ofxTF2ThreadedModel.h",
			"sourceTree": "SOURCE_ROOT"
		},
		"944D4320-65EA-4895-BA26-C20CE2532D1B": {
			"children": [
				"C46E067C-82A5-4E8A-B628-DD17184E9E4E",
				"EA74CEDF-4798-43B2-AF55-BA08588E6632"
			],
			"isa": "PBXGroup",
			"name": "ofxTensorFlow2",
			"sourceTree": "SOURCE_ROOT"
		},
		"95F40806-940B-4B4A-A049-756382490DEF": {
			"explicitFileType": "sourcecode.c.h",
			"fileEncoding": "4",
			"isa": "PBXFileReference",
			"name": "ops.h",
			"path": "../../../addons/ofxTensorFlow2/libs/cppflow/include/cppflow/ops.h",
			"sourceTree": "SOURCE_ROOT"
		},
		"9D392A0E-1E51-49A0-8D01-CE41AFEE2CA3": {
			"explicitFileType": "sourcecode.c.h",
			"fileEncoding": "4",
			"isa": "PBXFileReference",
			"name": "tf_attrtype.h",
			"path": "../../../addons/ofxTensorFlow2/libs/tensorflow/include/tensorflow/c/tf_attrtype.h",
			"sourceTree": "SOURCE_ROOT"
		},
		"9FF7F37A-7CE1-4B45-969D-14D9E0505C06": {
			"children": [
				"603D24CF-7411-4D06-9FB3-371DB3446CF3",
				"B31CA77C-9989-4370-B0E4-D15F33D8726C"
			],
			"isa": "PBXGroup",
			"name": "tensorflow",
			"sourceTree": "SOURCE_ROOT"
		},
		"A040B128-E176-4105-95E5-C157AC5A205C": {
			"explicitFileType": "sourcecode.c.h",
			"fileEncoding": "4",
			"isa": "PBXFileReference",
			"name": "tensor.h",
			"path": "../../../addons/ofxTensorFlow2/libs/cppflow/include/cppflow/tensor.h",
			"sourceTree": "SOURCE_ROOT"
		},
		"A6F2EC5C-34DB-488F-9EB8-8A3BABAFDC50": {
			"fileRef": "80C326BB-E05A-482B-9CA5-D48CA5014E4F",
			"isa": "PBXBuildFile"
		},
		"A808E3B9-23C2-4C5E-B455-7FD53C461D71": {
			"fileRef": "CDE7FF44-B0E1-4215-AAC0-2A9A5A15843B",
			"isa": "PBXBuildFile"
		},
		"A8B8AEB4-9EBD-4448-815F-C90D34B26710": {
			"explicitFileType": "sourcecode.c.h",
			"fileEncoding": "4",
			"isa": "PBXFileReference",
			"name": "c_api_experimental.h",
			"path": "../../../addons/ofxTensorFlow2/libs/tensorflow/include/tensorflow/c/eager/c_api_experimental.h",
			"sourceTree": "SOURCE_ROOT"
		},
		"AA889445-C663-45AB-A81D-0762FD57F6B7": {
			"children": [
				"80C326BB-E05A-482B-9CA5-D48CA5014E4F",
				"50AC228A-3636-4859-9304-D08438400856"
			],
			"isa": "PBXGroup",
			"name": "src",
			"path": "../../../addons/ofxXmlSettings/src",
			"sourceTree": "SOURCE_ROOT"
		},
		"ACA9C70D-7858-4CCB-8DE5-B0B2D2CC5F43": {
			"fileRef": "E61132F3-2712-48E7-9F5B-F4F823DF9905",
			"isa": "PBXBuildFile",
			"settings": {
				"ATTRIBUTES": [
					"CodeSignOnCopy"
				]
			}
		},
		"AE6BB206-D4F3-497B-8768-86C3FD29A530": {
			"explicitFileType": "sourcecode.c.h",
			"fileEncoding": "4",
			"isa": "PBXFileReference",
			"name": "ofxBaseGui.h",
			"path": "../../../addons/ofxGui/src/ofxBaseGui.h",
			"sourceTree": "SOURCE_ROOT"
		},
		"B31CA77C-9989-4370-B0E4-D15F33D8726C": {
			"children": [
				"D95770C0-CC57-4025-99F1-9F77684064D4"
			],
			"isa": "PBXGroup",
			"name": "include",
			"path": "../../../addons/ofxTensorFlow2/libs/tensorflow/include",
			"sourceTree": "SOURCE_ROOT"
		},
		"B4A77566-3169-4C1A-808C-22B1B0A024D2": {
			"fileRef": "58C72F9A-CFAE-4ADC-8BF0-118EADAD261C",
			"isa": "PBXBuildFile"
		},
		"B599EA51-E5E9-46D1-86E5-65931883AE40": {
			"fileRef": "E1A7EF42-154B-4786-ABFE-3438CD35F2D9",
			"isa": "PBXBuildFile"
		},
		"BB4B014C10F69532006C3DED": {
			"children": [
				"6ADC0494-B9DD-4E1A-BF4F-BC1B1B8CE3A6",
				"944D4320-65EA-4895-BA26-C20CE2532D1B",
				"7C626357-9130-4B12-8E2D-859FF8D84B78"
			],
			"isa": "PBXGroup",
			"name": "addons",
			"path": "../../../addons",
			"sourceTree": "<group>"
		},
		"BE87C7F2-9405-4076-9E41-0BF612ACE440": {
			"explicitFileType": "sourcecode.cpp.cpp",
			"fileEncoding": "4",
			"isa": "PBXFileReference",
			"name": "ofxColorPicker.cpp",
			"path": "../../../addons/ofxGui/src/ofxColorPicker.cpp",
			"sourceTree": "SOURCE_ROOT"
		},
		"C1080401-9698-4475-8BF0-57903382220A": {
			"fileRef": "388CD1C3-A714-4E01-A914-13974E3AB236",
			"isa": "PBXBuildFile",
			"settings": {
				"ATTRIBUTES": [
					"CodeSignOnCopy"
				]
			}
		},
		"C14A2BEB-DA1B-419D-8D41-CACD3244D6F7": {
			"explicitFileType": "sourcecode.c.h",
			"fileEncoding": "4",
			"isa": "PBXFileReference",
			"name": "ofxPanel.h",
			"path": "../../../addons/ofxGui/src/ofxPanel.h",
			"sourceTree": "SOURCE_ROOT"
		},
		"C2BAB1A7-08A6-4450-8225-25DA905BDDC9": {
			"explicitFileType": "sourcecode.c.h",
			"fileEncoding": "4",
			"isa": "PBXFileReference",
			"name": "tf_file_statistics.h",
			"path": "../../../addons/ofxTensorFlow2/libs/tensorflow/include/tensorflow/c/tf_file_statistics.h",
			"sourceTree": "SOURCE_ROOT"
		},
		"C46E067C-82A5-4E8A-B628-DD17184E9E4E": {
			"children": [
				"9FF7F37A-7CE1-4B45-969D-14D9E0505C06",
				"6F00DEA4-9281-46BA-ADB6-3D468245E8D6"
			],
			"isa": "PBXGroup",
			"name": "libs",
			"sourceTree": "SOURCE_ROOT"
		},
		"C7FAF1EE-529B-4AE4-B153-D0A64E4C8BBF": {
			"fileRef": "0C0B57C5-BEA7-4D86-B333-717F08C6FD22",
			"isa": "PBXBuildFile"
		},
		"CA9D1EC7-CE4E-4E06-8AD8-C7046D2CDD07": {
			"fileRef": "388CD1C3-A714-4E01-A914-13974E3AB236",
			"isa": "PBXBuildFile",
			"settings": {
				"ATTRIBUTES": [
					"CodeSignOnCopy"
				]
			}
		},
		"CAAC3EB7-F8E7-48D6-94D2-662A3036B233": {
			"isa": "PBXFileReference",
			"lastKnownFileType": "compiled.mach-o.dylib",
			"name": "libtensorflow.2.dylib",
			"path": "../../../addons/ofxTensorFlow2/libs/tensorflow/lib/osx/libtensorflow.2.dylib",
			"sourceTree": "SOURCE_ROOT"
		},
		"CB4CA238-9425-4EA1-8B61-D96D34EBC748": {
			"fileRef": "493026A1-F167-4948-A4BD-FC64FD08D668",
			"isa": "PBXBuildFile"
		},
		"CB693FAB-59B3-49D5-A1C7-36051F352F03": {
			"fileRef": "2F81B143-5A64-409A-B3B2-F51EEB97C6BA",
			"isa": "PBXBuildFile"
		},
		"CD28A9D3-40F1-4C08-9800-0297EE9F5382": {
			"fileRef": "CAAC3EB7-F8E7-48D6-94D2-662A3036B233",
			"isa": "PBXBuildFile",
			"settings": {
				"ATTRIBUTES": [
					"CodeSignOnCopy"
				]
			}
		},
		"CDE7FF44-B0E1-4215-AAC0-2A9A5A15843B": {
			"explicitFileType": "sourcecode.cpp.cpp",
			"fileEncoding": "4",
			"isa": "PBXFileReference",
			"name": "ofxPanel.cpp",
			"path": "../../../addons/ofxGui/src/ofxPanel.cpp",
			"sourceTree": "SOURCE_ROOT"
		},
		"D04B00FF-241E-446F-9F10-A95653C5F4BB": {
			"explicitFileType": "sourcecode.c.h",
			"fileEncoding": "4",
			"isa": "PBXFileReference",
			"name": "ctstring.h",
			"path": "../../../addons/ofxTensorFlow2/libs/tensorflow/include/tensorflow/core/platform/ctstring.h",
			"sourceTree": "SOURCE_ROOT"
		},
		"D0720EE3-93DC-4780-A03D-FC7EE2422D7B": {
			"children": [
				"142CF805-3CE3-402C-9B9A-73CB38260CBE",
				"628E5967-3160-46B7-A54C-CAF1BE6D7998",
				"2798071B-CD02-456F-99FE-A2395C1FF102",
				"0C0B57C5-BEA7-4D86-B333-717F08C6FD22"
			],
			"isa": "PBXGroup",
			"name": "libs",
			"path": "../../../addons/ofxXmlSettings/libs",
			"sourceTree": "SOURCE_ROOT"
		},
		"D1F15005-551F-4343-A32F-5110799FC09B": {
			"fileRef": "BE87C7F2-9405-4076-9E41-0BF612ACE440",
			"isa": "PBXBuildFile"
		},
		"D4EFA0E7-10E6-4009-9B03-93FEF34D74B3": {
			"fileRef": "CAAC3EB7-F8E7-48D6-94D2-662A3036B233",
			"isa": "PBXBuildFile",
			"settings": {
				"ATTRIBUTES": [
					"CodeSignOnCopy"
				]
			}
		},
		"D95770C0-CC57-4025-99F1-9F77684064D4": {
			"children": [
				"FF7A8BC6-5A49-4015-B92B-DECB78FBDAA7",
				"7EF972A3-2FB6-48CB-B1FD-5D4275D82FB0"
			],
			"isa": "PBXGroup",
			"name": "tensorflow",
			"path": "../../../addons/ofxTensorFlow2/libs/tensorflow/include/tensorflow",
			"sourceTree": "SOURCE_ROOT"
		},
		"DE583442-9559-444A-8382-440678B985C8": {
			"explicitFileType": "sourcecode.c.h",
			"fileEncoding": "4",
			"isa": "PBXFileReference",
			"name": "ctstring_internal.h",
			"path": "../../../addons/ofxTensorFlow2/libs/tensorflow/include/tensorflow/core/platform/ctstring_internal.h",
			"sourceTree": "SOURCE_ROOT"
		},
		"E1A7EF42-154B-4786-ABFE-3438CD35F2D9": {
			"explicitFileType": "sourcecode.cpp.cpp",
			"fileEncoding": "4",
			"isa": "PBXFileReference",
			"name": "ofxSlider.cpp",
			"path": "../../../addons/ofxGui/src/ofxSlider.cpp",
			"sourceTree": "SOURCE_ROOT"
		},
		"E1CB1060-99DD-4732-AA14-D43F6D0677C8": {
			"explicitFileType": "sourcecode.c.h",
			"fileEncoding": "4",
			"isa": "PBXFileReference",
			"name": "ofxButton.h",
			"path": "../../../addons/ofxGui/src/ofxButton.h",
			"sourceTree": "SOURCE_ROOT"
		},
		"E2AA4CC1-524C-4EDD-9A98-EB29EBA0406C": {
			"fileRef": "0ED2851B-0F3A-4238-B5DB-10760DBE4F9A",
			"isa": "PBXBuildFile",
			"settings": {
				"ATTRIBUTES": [
					"CodeSignOnCopy"
				]
			}
		},
		"E2BE578A-B9C6-46CA-9E48-3710B05A45A2": {
			"explicitFileType": "sourcecode.c.h",
			"fileEncoding": "4",
			"isa": "PBXFileReference",
			"name": "ofxGuiUtils.h",
			"path": "../../../addons/ofxGui/src/ofxGuiUtils.h",
			"sourceTree": "SOURCE_ROOT"
		},
		"E42962A92163ECCD00A6A9E2": {
			"alwaysOutOfDate": "1",
			"buildActionMask": "2147483647",
			"files": [],
			"inputPaths": [],
			"isa": "PBXShellScriptBuildPhase",
			"name": "Run Script — Compile OF",
			"outputPaths": [],
			"runOnlyForDeploymentPostprocessing": "0",
			"shellPath": "/bin/sh",
			"shellScript": "echo \"💾 Compiling Openframeworks\"\nxcodebuild -project \"$OF_PATH/libs/openFrameworksCompiled/project/osx/openFrameworksLib.xcodeproj\" -target openFrameworks -configuration \"${CONFIGURATION}\"  CLANG_CXX_LANGUAGE_STANDARD=$CLANG_CXX_LANGUAGE_STANDARD MACOSX_DEPLOYMENT_TARGET=$MACOSX_DEPLOYMENT_TARGET GCC_PREPROCESSOR_DEFINITIONS=$USER_PREPROCESSOR_DEFINITIONS\n",
			"showEnvVarsInLog": "0"
		},
		"E4A5B60F29BAAAE400C2D356": {
			"buildActionMask": "2147483647",
			"dstPath": "",
			"dstSubfolderSpec": "6",
			"files": [
				"F2A7A469-C390-4D47-BAEC-794D33B6B35D",
				"249AE670-9960-43BF-8381-F6D7602AF3CB",
				"CA9D1EC7-CE4E-4E06-8AD8-C7046D2CDD07",
				"D4EFA0E7-10E6-4009-9B03-93FEF34D74B3",
				"E2AA4CC1-524C-4EDD-9A98-EB29EBA0406C",
				"ACA9C70D-7858-4CCB-8DE5-B0B2D2CC5F43"
			],
			"isa": "PBXCopyFilesBuildPhase",
			"runOnlyForDeploymentPostprocessing": "0"
		},
		"E4B69B4A0A3A1720003C02F2": {
			"children": [
				"191CD6FA2847E21E0085CBB6",
				"E4B6FCAD0C3E899E008CF71C",
				"E4EB6923138AFD0F00A09F29",
				"E4B69E1C0A3A1BDC003C02F2",
				"191EF70929D778A400F35F26",
				"BB4B014C10F69532006C3DED",
				"E4B69B5B0A3A1756003C02F2"
			],
			"isa": "PBXGroup",
			"sourceTree": "<group>"
		},
		"E4B69B4C0A3A1720003C02F2": {
			"attributes": {
				"LastUpgradeCheck": "0600"
			},
			"buildConfigurationList": "E4B69B4D0A3A1720003C02F2",
			"compatibilityVersion": "Xcode 3.2",
			"developmentRegion": "en",
			"hasScannedForEncodings": "0",
			"isa": "PBXProject",
			"knownRegions": [
				"en",
				"Base"
			],
			"mainGroup": "E4B69B4A0A3A1720003C02F2",
			"productRefGroup": "E4B69B4A0A3A1720003C02F2",
			"projectDirPath": "",
			"projectRoot": "",
			"targets": [
				"E4B69B5A0A3A1756003C02F2"
			]
		},
		"E4B69B4D0A3A1720003C02F2": {
			"buildConfigurations": [
				"E4B69B4E0A3A1720003C02F2",
				"E4B69B4F0A3A1720003C02F2"
			],
			"defaultConfigurationIsVisible": "0",
			"defaultConfigurationName": "Release",
			"isa": "XCConfigurationList"
		},
		"E4B69B4E0A3A1720003C02F2": {
			"baseConfigurationReference": "E4EB6923138AFD0F00A09F29",
			"buildSettings": {
				"CODE_SIGN_ENTITLEMENTS": "of.entitlements",
				"COPY_PHASE_STRIP": "NO",
				"ENABLE_TESTABILITY": "YES",
				"GCC_OPTIMIZATION_LEVEL": "0",
				"GCC_WARN_UNUSED_VARIABLE": "NO",
				"HEADER_SEARCH_PATHS": [
					"$(OF_CORE_HEADERS)",
					"src"
				],
				"OTHER_CPLUSPLUSFLAGS": "-D__MACOSX_CORE__"
			},
			"isa": "XCBuildConfiguration",
			"name": "Debug"
		},
		"E4B69B4F0A3A1720003C02F2": {
			"baseConfigurationReference": "E4EB6923138AFD0F00A09F29",
			"buildSettings": {
				"CODE_SIGN_ENTITLEMENTS": "of.entitlements",
				"COPY_PHASE_STRIP": "YES",
				"GCC_OPTIMIZATION_LEVEL": "3",
				"GCC_UNROLL_LOOPS": "YES",
				"HEADER_SEARCH_PATHS": [
					"$(OF_CORE_HEADERS)",
					"src"
				],
				"OTHER_CPLUSPLUSFLAGS": "-D__MACOSX_CORE__"
			},
			"isa": "XCBuildConfiguration",
			"name": "Release"
		},
		"E4B69B580A3A1756003C02F2": {
			"buildActionMask": "2147483647",
			"files": [
				"E4B69E200A3A1BDC003C02F2",
				"E4B69E210A3A1BDC003C02F2",
				"B4A77566-3169-4C1A-808C-22B1B0A024D2",
				"CB693FAB-59B3-49D5-A1C7-36051F352F03",
				"D1F15005-551F-4343-A32F-5110799FC09B",
				"2268702C-8FCD-4B19-A1E6-00513DF41F8A",
				"CB4CA238-9425-4EA1-8B61-D96D34EBC748",
				"600BF197-6F56-40F3-B04D-F0D6A9EBFA9B",
				"A808E3B9-23C2-4C5E-B455-7FD53C461D71",
				"B599EA51-E5E9-46D1-86E5-65931883AE40",
				"78F3FBF2-134C-44DE-83DA-7AAF5CFEF957",
				"EF2DB859-57D9-4B15-A6C3-F0637AFAD618",
				"2A101720-5A31-4C25-BA61-53DB10603D68",
				"40D668D4-24D4-4F77-9D74-C77B7C8D28B7",
				"FB4D9570-4721-4AFA-8290-210752284F93",
				"40FA37BD-3F13-47B3-931E-8CDD52F60D43",
				"80675219-0388-4909-A221-B03BBF677C75",
				"C7FAF1EE-529B-4AE4-B153-D0A64E4C8BBF",
				"A6F2EC5C-34DB-488F-9EB8-8A3BABAFDC50"
			],
			"isa": "PBXSourcesBuildPhase",
			"runOnlyForDeploymentPostprocessing": "0"
		},
		"E4B69B590A3A1756003C02F2": {
			"buildActionMask": "2147483647",
			"files": [],
			"isa": "PBXFrameworksBuildPhase",
			"runOnlyForDeploymentPostprocessing": "0"
		},
		"E4B69B5A0A3A1756003C02F2": {
			"buildConfigurationList": "E4B69B5F0A3A1757003C02F2",
			"buildPhases": [
				"E42962A92163ECCD00A6A9E2",
				"E4B69B580A3A1756003C02F2",
				"E4B69B590A3A1756003C02F2",
				"E4C2427710CC5ABF004149E2",
				"E4A5B60F29BAAAE400C2D356",
				"19B789C429E5AB4A0082E9B8"
			],
			"buildRules": [],
			"dependencies": [],
			"isa": "PBXNativeTarget",
			"name": "Blow_Up_3_0_2",
			"productName": "myOFApp",
			"productReference": "E4B69B5B0A3A1756003C02F2",
			"productType": "com.apple.product-type.application"
		},
		"E4B69B5B0A3A1756003C02F2": {
			"explicitFileType": "wrapper.application",
			"includeInIndex": "0",
			"isa": "PBXFileReference",
			"path": "Blow_Up_3_0_2Debug.app",
			"sourceTree": "BUILT_PRODUCTS_DIR"
		},
		"E4B69B5F0A3A1757003C02F2": {
			"buildConfigurations": [
				"E4B69B600A3A1757003C02F2",
				"E4B69B610A3A1757003C02F2"
			],
			"defaultConfigurationIsVisible": "0",
			"defaultConfigurationName": "Release",
			"isa": "XCConfigurationList"
		},
		"E4B69B600A3A1757003C02F2": {
			"baseConfigurationReference": "E4EB6923138AFD0F00A09F29",
			"buildSettings": {
				"ARCHS": "$(ARCHS_STANDARD)",
				"COPY_PHASE_STRIP": "NO",
				"FRAMEWORK_SEARCH_PATHS": "$(inherited)",
				"GCC_DYNAMIC_NO_PIC": "NO",
				"HEADER_SEARCH_PATHS": [
					"$(OF_CORE_HEADERS)",
					"src",
					"src",
					"../../../addons/ofxGui/src",
					"../../../addons/ofxTensorFlow2/libs",
					"../../../addons/ofxTensorFlow2/libs/cppflow",
					"../../../addons/ofxTensorFlow2/libs/cppflow/docs",
					"../../../addons/ofxTensorFlow2/libs/cppflow/docs/source",
					"../../../addons/ofxTensorFlow2/libs/cppflow/examples",
					"../../../addons/ofxTensorFlow2/libs/cppflow/include",
					"../../../addons/ofxTensorFlow2/libs/cppflow/include/cppflow",
					"../../../addons/ofxTensorFlow2/libs/cppflow/include/cppflow/ops_generator",
					"../../../addons/ofxTensorFlow2/libs/tensorflow",
					"../../../addons/ofxTensorFlow2/libs/tensorflow/include",
					"../../../addons/ofxTensorFlow2/libs/tensorflow/include/tensorflow",
					"../../../addons/ofxTensorFlow2/libs/tensorflow/include/tensorflow/c",
					"../../../addons/ofxTensorFlow2/libs/tensorflow/include/tensorflow/c/eager",
					"../../../addons/ofxTensorFlow2/libs/tensorflow/include/tensorflow/core",
					"../../../addons/ofxTensorFlow2/libs/tensorflow/include/tensorflow/core/platform",
					"../../../addons/ofxTensorFlow2/libs/tensorflow/lib",
					"../../../addons/ofxTensorFlow2/libs/tensorflow/lib/osx",
					"../../../addons/ofxTensorFlow2/src",
					"../../../addons/ofxTensorFlow2/libs/cppflow/include",
					"../../../addons/ofxTensorFlow2/libs/tensorflow/include",
					"../../../addons/ofxXmlSettings/libs",
					"../../../addons/ofxXmlSettings/src"
				],
				"LIBRARY_SEARCH_PATHS": "$(inherited)",
				"OTHER_LDFLAGS": [
					"$(OF_CORE_LIBS)",
					"$(OF_CORE_FRAMEWORKS)",
					"$(LIB_OF_DEBUG)",
					"../../../addons/ofxTensorFlow2/libs/tensorflow/lib/osx/libtensorflow.dylib",
					"../../../addons/ofxTensorFlow2/libs/tensorflow/lib/osx/libtensorflow_framework.2.8.0.dylib",
					"../../../addons/ofxTensorFlow2/libs/tensorflow/lib/osx/libtensorflow_framework.2.dylib",
					"../../../addons/ofxTensorFlow2/libs/tensorflow/lib/osx/libtensorflow.2.dylib",
					"../../../addons/ofxTensorFlow2/libs/tensorflow/lib/osx/libtensorflow.2.8.0.dylib",
					"../../../addons/ofxTensorFlow2/libs/tensorflow/lib/osx/libtensorflow_framework.dylib"
				]
			},
			"isa": "XCBuildConfiguration",
			"name": "Debug"
		},
		"E4B69B610A3A1757003C02F2": {
			"baseConfigurationReference": "E4EB6923138AFD0F00A09F29",
			"buildSettings": {
				"ARCHS": "$(ARCHS_STANDARD)",
				"COPY_PHASE_STRIP": "YES",
				"FRAMEWORK_SEARCH_PATHS": "$(inherited)",
				"HEADER_SEARCH_PATHS": [
					"$(OF_CORE_HEADERS)",
					"src",
					"src",
					"../../../addons/ofxGui/src",
					"../../../addons/ofxTensorFlow2/libs",
					"../../../addons/ofxTensorFlow2/libs/cppflow",
					"../../../addons/ofxTensorFlow2/libs/cppflow/docs",
					"../../../addons/ofxTensorFlow2/libs/cppflow/docs/source",
					"../../../addons/ofxTensorFlow2/libs/cppflow/examples",
					"../../../addons/ofxTensorFlow2/libs/cppflow/include",
					"../../../addons/ofxTensorFlow2/libs/cppflow/include/cppflow",
					"../../../addons/ofxTensorFlow2/libs/cppflow/include/cppflow/ops_generator",
					"../../../addons/ofxTensorFlow2/libs/tensorflow",
					"../../../addons/ofxTensorFlow2/libs/tensorflow/include",
					"../../../addons/ofxTensorFlow2/libs/tensorflow/include/tensorflow",
					"../../../addons/ofxTensorFlow2/libs/tensorflow/include/tensorflow/c",
					"../../../addons/ofxTensorFlow2/libs/tensorflow/include/tensorflow/c/eager",
					"../../../addons/ofxTensorFlow2/libs/tensorflow/include/tensorflow/core",
					"../../../addons/ofxTensorFlow2/libs/tensorflow/include/tensorflow/core/platform",
					"../../../addons/ofxTensorFlow2/libs/tensorflow/lib",
					"../../../addons/ofxTensorFlow2/libs/tensorflow/lib/osx",
					"../../../addons/ofxTensorFlow2/src",
					"../../../addons/ofxTensorFlow2/libs/cppflow/include",
					"../../../addons/ofxTensorFlow2/libs/tensorflow/include",
					"../../../addons/ofxXmlSettings/libs",
					"../../../addons/ofxXmlSettings/src"
				],
				"LIBRARY_SEARCH_PATHS": "$(inherited)",
				"OTHER_LDFLAGS": [
					"$(OF_CORE_LIBS)",
					"$(OF_CORE_FRAMEWORKS)",
					"$(LIB_OF)",
					"../../../addons/ofxTensorFlow2/libs/tensorflow/lib/osx/libtensorflow.dylib",
					"../../../addons/ofxTensorFlow2/libs/tensorflow/lib/osx/libtensorflow_framework.2.8.0.dylib",
					"../../../addons/ofxTensorFlow2/libs/tensorflow/lib/osx/libtensorflow_framework.2.dylib",
					"../../../addons/ofxTensorFlow2/libs/tensorflow/lib/osx/libtensorflow.2.dylib",
					"../../../addons/ofxTensorFlow2/libs/tensorflow/lib/osx/libtensorflow.2.8.0.dylib",
					"../../../addons/ofxTensorFlow2/libs/tensorflow/lib/osx/libtensorflow_framework.dylib"
				],
				"baseConfigurationReference": "E4EB6923138AFD0F00A09F29"
			},
			"isa": "XCBuildConfiguration",
			"name": "Release"
		},
		"E4B69E1C0A3A1BDC003C02F2": {
			"children": [
				"E4B69E1D0A3A1BDC003C02F2",
				"E4B69E1E0A3A1BDC003C02F2",
				"E4B69E1F0A3A1BDC003C02F2",
				"83D906FE-3EC1-4069-8F23-59FE9FD53A11",
				"131A845D-2010-46D0-9CFA-E5B6E94CE8C9"
			],
			"isa": "PBXGroup",
			"path": "src",
			"sourceTree": "SOURCE_ROOT"
		},
		"E4B69E1D0A3A1BDC003C02F2": {
			"fileEncoding": "4",
			"isa": "PBXFileReference",
			"lastKnownFileType": "sourcecode.cpp.cpp",
			"name": "main.cpp",
			"path": "src/main.cpp",
			"sourceTree": "SOURCE_ROOT"
		},
		"E4B69E1E0A3A1BDC003C02F2": {
			"explicitFileType": "sourcecode.cpp.cpp",
			"fileEncoding": "4",
			"isa": "PBXFileReference",
			"name": "ofApp.cpp",
			"path": "src/ofApp.cpp",
			"sourceTree": "SOURCE_ROOT"
		},
		"E4B69E1F0A3A1BDC003C02F2": {
			"fileEncoding": "4",
			"isa": "PBXFileReference",
			"lastKnownFileType": "sourcecode.c.h",
			"name": "ofApp.h",
			"path": "src/ofApp.h",
			"sourceTree": "SOURCE_ROOT"
		},
		"E4B69E200A3A1BDC003C02F2": {
			"fileRef": "E4B69E1D0A3A1BDC003C02F2",
			"isa": "PBXBuildFile"
		},
		"E4B69E210A3A1BDC003C02F2": {
			"fileRef": "E4B69E1E0A3A1BDC003C02F2",
			"isa": "PBXBuildFile"
		},
		"E4B6FCAD0C3E899E008CF71C": {
			"fileEncoding": "4",
			"isa": "PBXFileReference",
			"lastKnownFileType": "text.plist.xml",
			"path": "openFrameworks-Info.plist",
			"sourceTree": "<group>"
		},
		"E4C2427710CC5ABF004149E2": {
			"buildActionMask": "2147483647",
			"dstPath": "",
			"dstSubfolderSpec": "10",
			"files": [],
			"isa": "PBXCopyFilesBuildPhase",
			"runOnlyForDeploymentPostprocessing": "0"
		},
		"E4EB6923138AFD0F00A09F29": {
			"fileEncoding": "4",
			"isa": "PBXFileReference",
			"lastKnownFileType": "text.xcconfig",
			"path": "Project.xcconfig",
			"sourceTree": "<group>"
		},
		"E61132F3-2712-48E7-9F5B-F4F823DF9905": {
			"isa": "PBXFileReference",
			"lastKnownFileType": "compiled.mach-o.dylib",
			"name": "libtensorflow_framework.dylib",
			"path": "../../../addons/ofxTensorFlow2/libs/tensorflow/lib/osx/libtensorflow_framework.dylib",
			"sourceTree": "SOURCE_ROOT"
		},
		"E7F1AF68-2DA4-455F-B9EE-511AF5D73BB8": {
			"explicitFileType": "sourcecode.c.h",
			"fileEncoding": "4",
			"isa": "PBXFileReference",
			"name": "context.h",
			"path": "../../../addons/ofxTensorFlow2/libs/cppflow/include/cppflow/context.h",
			"sourceTree": "SOURCE_ROOT"
		},
		"EA74CEDF-4798-43B2-AF55-BA08588E6632": {
			"children": [
				"067764FD-3653-48ED-B405-D3765D602205",
				"3080B0A1-0F2B-42F6-BEF1-18966C9C250F",
				"48386AD2-FBB5-4A57-A721-92084207898E",
				"937BF76C-7838-4919-8BDF-F812E4A0996F",
				"EB248F16-64D6-4FBD-A93E-C6B06F09B0D7",
				"3A39DC2A-D58C-42E5-BF10-58659C66DFDC",
				"81A51AFC-9BF4-476B-891A-B7FF96F3CC8E"
			],
			"isa": "PBXGroup",
			"name": "src",
			"path": "../../../addons/ofxTensorFlow2/src",
			"sourceTree": "SOURCE_ROOT"
		},
		"EB248F16-64D6-4FBD-A93E-C6B06F09B0D7": {
			"explicitFileType": "sourcecode.c.h",
			"fileEncoding": "4",
			"isa": "PBXFileReference",
			"name": "ofxTensorFlow2.h",
			"path": "../../../addons/ofxTensorFlow2/src/ofxTensorFlow2.h",
			"sourceTree": "SOURCE_ROOT"
		},
		"EBA088E1-6E9F-4764-BCA5-C3790CA0D870": {
			"explicitFileType": "sourcecode.c.h",
			"fileEncoding": "4",
			"isa": "PBXFileReference",
			"name": "c_api_experimental.h",
			"path": "../../../addons/ofxTensorFlow2/libs/tensorflow/include/tensorflow/c/c_api_experimental.h",
			"sourceTree": "SOURCE_ROOT"
		},
		"EE7C09EB-35C0-4CD0-98A9-4E4016ED8859": {
			"explicitFileType": "sourcecode.cpp.cpp",
			"fileEncoding": "4",
			"isa": "PBXFileReference",
			"name": "ofxSliderGroup.cpp",
			"path": "../../../addons/ofxGui/src/ofxSliderGroup.cpp",
			"sourceTree": "SOURCE_ROOT"
		},
		"EF2DB859-57D9-4B15-A6C3-F0637AFAD618": {
			"fileRef": "04608475-87A2-4F41-A5FE-E26BD0C59F35",
			"isa": "PBXBuildFile"
		},
		"F238B0F6-42B3-4B97-85D3-45040FB4938C": {
			"explicitFileType": "sourcecode.c.h",
			"fileEncoding": "4",
			"isa": "PBXFileReference",
			"name": "c_api.h",
			"path": "../../../addons/ofxTensorFlow2/libs/tensorflow/include/tensorflow/c/c_api.h",
			"sourceTree": "SOURCE_ROOT"
		},
		"F2A7A469-C390-4D47-BAEC-794D33B6B35D": {
			"fileRef": "3903371B-DCE1-47D0-97A1-2CC6C2219E08",
			"isa": "PBXBuildFile",
			"settings": {
				"ATTRIBUTES": [
					"CodeSignOnCopy"
				]
			}
		},
		"F45502F2-7CC3-4002-8DC4-3499CC6D7B06": {
			"explicitFileType": "sourcecode.c.h",
			"fileEncoding": "4",
			"isa": "PBXFileReference",
			"name": "raw_ops.h",
			"path": "../../../addons/ofxTensorFlow2/libs/cppflow/include/cppflow/raw_ops.h",
			"sourceTree": "SOURCE_ROOT"
		},
		"F6D76DC9-C88C-451D-971F-E98048DB965B": {
			"fileRef": "5DEBDD5A-D581-4BC6-ACC3-27666C16DAA2",
			"isa": "PBXBuildFile",
			"settings": {
				"ATTRIBUTES": [
					"CodeSignOnCopy"
				]
			}
		},
		"F9065A24-3273-4726-8ABD-B8F40951B2D2": {
			"explicitFileType": "sourcecode.c.h",
			"fileEncoding": "4",
			"isa": "PBXFileReference",
			"name": "tf_datatype.h",
			"path": "../../../addons/ofxTensorFlow2/libs/tensorflow/include/tensorflow/c/tf_datatype.h",
			"sourceTree": "SOURCE_ROOT"
		},
		"FB4D9570-4721-4AFA-8290-210752284F93": {
			"fileRef": "3A39DC2A-D58C-42E5-BF10-58659C66DFDC",
			"isa": "PBXBuildFile"
		},
		"FCF04B42-BEC1-4FC6-8E7F-920A176BD167": {
			"explicitFileType": "sourcecode.c.h",
			"fileEncoding": "4",
			"isa": "PBXFileReference",
			"name": "ofxLabel.h",
			"path": "../../../addons/ofxGui/src/ofxLabel.h",
			"sourceTree": "SOURCE_ROOT"
		},
		"FF7A8BC6-5A49-4015-B92B-DECB78FBDAA7": {
			"children": [
				"F238B0F6-42B3-4B97-85D3-45040FB4938C",
				"EBA088E1-6E9F-4764-BCA5-C3790CA0D870",
				"77A28F4A-B650-4273-B3DE-414DD8CE5795",
				"321B968D-00F3-49B5-B19C-962709964E5D",
				"4B5AF85F-D46B-4FE7-9D82-3C408A6345B7",
				"9D392A0E-1E51-49A0-8D01-CE41AFEE2CA3",
				"F9065A24-3273-4726-8ABD-B8F40951B2D2",
				"C2BAB1A7-08A6-4450-8225-25DA905BDDC9",
				"47122856-5C2C-45AE-946F-0D2F33904686",
				"60F28F20-1D72-4388-A314-1D29D34F3579",
				"65C855A9-979F-4269-A2AD-374FA743D0F7"
			],
			"isa": "PBXGroup",
			"name": "c",
			"path": "../../../addons/ofxTensorFlow2/libs/tensorflow/include/tensorflow/c",
			"sourceTree": "SOURCE_ROOT"
		}
	},
	"openFrameworksProjectGeneratorVersion": "21",
	"rootObject": "E4B69B4C0A3A1720003C02F2"
}