{
	"archiveVersion": "1",
	"classes": {},
	"objectVersion": "54",
	"objects": {
		"00057A5D-CDF4-40FD-807E-169E3BD47339": {
			"fileRef": "37331554-6AFC-4D5E-A6C7-AE9CF661256B",
			"isa": "PBXBuildFile"
		},
		"010E3072-5092-4F75-901A-543D4C08D239": {
			"explicitFileType": "sourcecode.c.h",
			"fileEncoding": "4",
			"isa": "PBXFileReference",
			"name": "ofxLabel.h",
			"path": "../../../addons/ofxGui/src/ofxLabel.h",
			"sourceTree": "SOURCE_ROOT"
		},
		"0BB7E136-87BD-44C3-87BB-4CF78CEE2077": {
			"fileRef": "37118E6C-C461-43F3-8183-3D4E63487684",
			"isa": "PBXBuildFile"
		},
		"0E617673-1E67-4270-9006-818540B83313": {
			"children": [
				"E115D11D-768E-4C5D-8ACC-7FFB92C92AD5",
				"8B56DFDA-8062-412F-A215-3675C3F96161"
			],
			"isa": "PBXGroup",
			"name": "platform",
			"path": "../../../addons/ofxTensorFlow2/libs/tensorflow/include/tensorflow/core/platform",
			"sourceTree": "SOURCE_ROOT"
		},
		"0EF5442F-3DC6-4138-9551-4C682BAD0510": {
			"children": [
				"9EC0B157-E455-42CA-AD09-2DF4F4A328C9"
			],
			"isa": "PBXGroup",
			"name": "include",
			"path": "../../../addons/ofxTensorFlow2/libs/cppflow/include",
			"sourceTree": "SOURCE_ROOT"
		},
		"0F3AEA51-A642-44EC-AA06-9DB9D6CECC68": {
			"explicitFileType": "sourcecode.c.h",
			"fileEncoding": "4",
			"isa": "PBXFileReference",
			"name": "ofxBaseGui.h",
			"path": "../../../addons/ofxGui/src/ofxBaseGui.h",
			"sourceTree": "SOURCE_ROOT"
		},
		"1139448C-BF99-4D5A-B3B9-CA8046BCB189": {
			"explicitFileType": "sourcecode.c.h",
			"fileEncoding": "4",
			"isa": "PBXFileReference",
			"name": "ofxColorPicker.h",
			"path": "../../../addons/ofxGui/src/ofxColorPicker.h",
			"sourceTree": "SOURCE_ROOT"
		},
		"11949C47-1BE9-49C7-ACC4-C435933D5E41": {
			"explicitFileType": "sourcecode.c.h",
			"fileEncoding": "4",
			"isa": "PBXFileReference",
			"name": "ofxYolo.h",
			"path": "src/ofxYolo.h",
			"sourceTree": "SOURCE_ROOT"
		},
		"11F362EC-A1E9-435E-B18E-02342584056A": {
			"fileRef": "D3860293-0C16-4107-948C-16F170631F30",
			"isa": "PBXBuildFile"
		},
		"145B7B07-AD35-40FA-9012-0F4844F1774A": {
			"fileRef": "F970CDB2-A0BD-4AE2-ACF0-8601C9C418F2",
			"isa": "PBXBuildFile",
			"settings": {
				"ATTRIBUTES": [
					"CodeSignOnCopy"
				]
			}
		},
		"1668E82D-020F-4543-9D7A-CCED0FE8814C": {
			"explicitFileType": "sourcecode.c.h",
			"fileEncoding": "4",
			"isa": "PBXFileReference",
			"name": "dlpack.h",
			"path": "../../../addons/ofxTensorFlow2/libs/tensorflow/include/tensorflow/c/eager/dlpack.h",
			"sourceTree": "SOURCE_ROOT"
		},
		"16F8922C-4573-4484-A57A-0FA8A1FFC010": {
			"children": [
				"A584C942-C480-49F6-A199-DBECC5621812",
				"59FFB375-9A44-4EB6-807B-BE31EDE3368A",
				"F970CDB2-A0BD-4AE2-ACF0-8601C9C418F2",
				"7403B5D0-BFBA-4396-8C24-DA761E5358C5",
				"4EB2EC6E-491F-434F-94C1-96DD195848DD",
				"586742B5-7897-4D37-9DAA-2D9519984EDB"
			],
			"isa": "PBXGroup",
			"name": "osx",
			"sourceTree": "SOURCE_ROOT"
		},
		"191CD6FA2847E21E0085CBB6": {
			"fileEncoding": "4",
			"isa": "PBXFileReference",
			"lastKnownFileType": "text.plist.entitlements",
			"path": "of.entitlements",
			"sourceTree": "<group>"
		},
		"191EF70929D778A400F35F26": {
			"isa": "PBXFileReference",
			"lastKnownFileType": "folder",
			"name": "openFrameworks",
			"path": "../../../libs/openFrameworks",
			"sourceTree": "SOURCE_ROOT"
		},
		"19B789C429E5AB4A0082E9B8": {
			"buildActionMask": "2147483647",
			"files": [],
			"inputFileListPaths": [],
			"inputPaths": [],
			"isa": "PBXShellScriptBuildPhase",
			"outputFileListPaths": [],
			"outputPaths": [],
			"runOnlyForDeploymentPostprocessing": "0",
			"shellPath": "/bin/sh",
			"shellScript": "\"$OF_PATH/scripts/osx/xcode_project.sh\"\n",
			"showEnvVarsInLog": "0"
		},
		"1C9F7D59-00A6-42A2-A3E4-E18CBF5087B9": {
			"explicitFileType": "sourcecode.c.h",
			"fileEncoding": "4",
			"isa": "PBXFileReference",
			"name": "context.h",
			"path": "../../../addons/ofxTensorFlow2/libs/cppflow/include/cppflow/context.h",
			"sourceTree": "SOURCE_ROOT"
		},
		"1F47F2CE-7A77-4BB3-8888-FA61A0E1EDB1": {
			"children": [
				"35F35681-7A32-40EF-A5D0-D4200E714417"
			],
			"isa": "PBXGroup",
			"name": "include",
			"path": "../../../addons/ofxTensorFlow2/libs/tensorflow/include",
			"sourceTree": "SOURCE_ROOT"
		},
		"209163F9-842C-44A4-9765-4181F6670EAD": {
			"explicitFileType": "sourcecode.c.h",
			"fileEncoding": "4",
			"isa": "PBXFileReference",
			"name": "tf_status.h",
			"path": "../../../addons/ofxTensorFlow2/libs/tensorflow/include/tensorflow/c/tf_status.h",
			"sourceTree": "SOURCE_ROOT"
		},
		"2993B626-49E0-4801-B887-0084EC2A448C": {
			"explicitFileType": "sourcecode.c.h",
			"fileEncoding": "4",
			"isa": "PBXFileReference",
			"name": "tf_file_statistics.h",
			"path": "../../../addons/ofxTensorFlow2/libs/tensorflow/include/tensorflow/c/tf_file_statistics.h",
			"sourceTree": "SOURCE_ROOT"
		},
		"29DADB7E-F009-4FD8-BEC6-D71D05E568FF": {
			"explicitFileType": "sourcecode.cpp.cpp",
			"fileEncoding": "4",
			"isa": "PBXFileReference",
			"name": "ofxColorPicker.cpp",
			"path": "../../../addons/ofxGui/src/ofxColorPicker.cpp",
			"sourceTree": "SOURCE_ROOT"
		},
		"2CAAD497-7753-4F87-ADAB-7C24989162A4": {
			"children": [
				"D33E7882-59F9-49EB-9A0B-349679211A7A",
				"D5A748A6-8D56-470D-8AC4-2C4278DF455D",
				"31167A8F-62BC-4880-A3FE-74C21F8D2677",
				"E7C26373-FE7F-4390-9B66-9F213E7B9EEF",
				"E603A969-63B2-46D5-8689-037A2E9DF662",
				"D3860293-0C16-4107-948C-16F170631F30",
				"F70EB428-8DAD-4009-B90A-63A072647F84"
			],
			"isa": "PBXGroup",
			"name": "src",
			"path": "../../../addons/ofxTensorFlow2/src",
			"sourceTree": "SOURCE_ROOT"
		},
		"300FE7B0-72B6-47FF-B643-1B57554134BB": {
			"fileRef": "A584C942-C480-49F6-A199-DBECC5621812",
			"isa": "PBXBuildFile",
			"settings": {
				"ATTRIBUTES": [
					"CodeSignOnCopy"
				]
			}
		},
		"31167A8F-62BC-4880-A3FE-74C21F8D2677": {
			"explicitFileType": "sourcecode.cpp.cpp",
			"fileEncoding": "4",
			"isa": "PBXFileReference",
			"name": "ofxTF2ThreadedModel.cpp",
			"path": "../../../addons/ofxTensorFlow2/src/ofxTF2ThreadedModel.cpp",
			"sourceTree": "SOURCE_ROOT"
		},
		"328C81D4-CB4D-4819-AFDE-DD93353A5500": {
			"explicitFileType": "sourcecode.c.h",
			"fileEncoding": "4",
			"isa": "PBXFileReference",
			"name": "tensor_interface.h",
			"path": "../../../addons/ofxTensorFlow2/libs/tensorflow/include/tensorflow/c/tensor_interface.h",
			"sourceTree": "SOURCE_ROOT"
		},
		"32E8FAC5-83F6-42BA-A6D0-A71B725DE4A4": {
			"explicitFileType": "sourcecode.c.h",
			"fileEncoding": "4",
			"isa": "PBXFileReference",
			"name": "c_api_experimental.h",
			"path": "../../../addons/ofxTensorFlow2/libs/tensorflow/include/tensorflow/c/eager/c_api_experimental.h",
			"sourceTree": "SOURCE_ROOT"
		},
		"35F35681-7A32-40EF-A5D0-D4200E714417": {
			"children": [
				"39B25A16-6944-4479-9582-0A70377CDAFE",
				"D20994E7-847B-42F3-AD5F-CA41CBB7DA96"
			],
			"isa": "PBXGroup",
			"name": "tensorflow",
			"path": "../../../addons/ofxTensorFlow2/libs/tensorflow/include/tensorflow",
			"sourceTree": "SOURCE_ROOT"
		},
		"361E6F56-C65F-493C-B1AD-4DC2546D39E9": {
			"explicitFileType": "sourcecode.cpp.cpp",
			"fileEncoding": "4",
			"isa": "PBXFileReference",
			"name": "ofxLabel.cpp",
			"path": "../../../addons/ofxGui/src/ofxLabel.cpp",
			"sourceTree": "SOURCE_ROOT"
		},
		"37118E6C-C461-43F3-8183-3D4E63487684": {
			"explicitFileType": "sourcecode.cpp.cpp",
			"fileEncoding": "4",
			"isa": "PBXFileReference",
			"name": "ofxGuiGroup.cpp",
			"path": "../../../addons/ofxGui/src/ofxGuiGroup.cpp",
			"sourceTree": "SOURCE_ROOT"
		},
		"37331554-6AFC-4D5E-A6C7-AE9CF661256B": {
			"explicitFileType": "sourcecode.cpp.cpp",
			"fileEncoding": "4",
			"isa": "PBXFileReference",
			"name": "ofxInputField.cpp",
			"path": "../../../addons/ofxGui/src/ofxInputField.cpp",
			"sourceTree": "SOURCE_ROOT"
		},
		"39B25A16-6944-4479-9582-0A70377CDAFE": {
			"children": [
				"73AFFF0C-B075-4948-BEFF-F71843969FB6",
				"5909C227-EBEC-477B-884F-B3451FAD4DBE",
				"C4A5AA21-5DBD-4584-B0A9-9E54AA871038",
				"5F3DB854-4E18-49DA-9B33-D57D75899536",
				"328C81D4-CB4D-4819-AFDE-DD93353A5500",
				"5077E09D-0436-4E5E-A723-14DAF25966C4",
				"FE73CF9C-5441-46A0-B5BB-CBB8B51E7C45",
				"2993B626-49E0-4801-B887-0084EC2A448C",
				"209163F9-842C-44A4-9765-4181F6670EAD",
				"440EBFF9-E1BF-4AD2-A585-B6D4CBF1AC23",
				"53FA5975-B598-4389-B317-CE002E986C5F"
			],
			"isa": "PBXGroup",
			"name": "c",
			"path": "../../../addons/ofxTensorFlow2/libs/tensorflow/include/tensorflow/c",
			"sourceTree": "SOURCE_ROOT"
		},
		"39DD3CCD-3C04-4BCD-9E44-1DC5B651FE34": {
			"explicitFileType": "sourcecode.c.h",
			"fileEncoding": "4",
			"isa": "PBXFileReference",
			"name": "cppflow.h",
			"path": "../../../addons/ofxTensorFlow2/libs/cppflow/include/cppflow/cppflow.h",
			"sourceTree": "SOURCE_ROOT"
		},
		"3D13DA7C-F024-4C14-B15A-28385A6BC822": {
			"explicitFileType": "sourcecode.c.h",
			"fileEncoding": "4",
			"isa": "PBXFileReference",
			"name": "raw_ops.h",
			"path": "../../../addons/ofxTensorFlow2/libs/cppflow/include/cppflow/raw_ops.h",
			"sourceTree": "SOURCE_ROOT"
		},
		"440EBFF9-E1BF-4AD2-A585-B6D4CBF1AC23": {
			"explicitFileType": "sourcecode.c.h",
			"fileEncoding": "4",
			"isa": "PBXFileReference",
			"name": "tf_tensor.h",
			"path": "../../../addons/ofxTensorFlow2/libs/tensorflow/include/tensorflow/c/tf_tensor.h",
			"sourceTree": "SOURCE_ROOT"
		},
		"47880017-AEF9-40E8-9F4D-31002598278E": {
			"children": [
				"0EF5442F-3DC6-4138-9551-4C682BAD0510"
			],
			"isa": "PBXGroup",
			"name": "cppflow",
			"path": "../../../addons/ofxTensorFlow2/libs/cppflow",
			"sourceTree": "SOURCE_ROOT"
		},
		"4C7C2313-5E36-4AAE-8A77-F18EA1D4CDA0": {
			"fileRef": "F970CDB2-A0BD-4AE2-ACF0-8601C9C418F2",
			"isa": "PBXBuildFile",
			"settings": {
				"ATTRIBUTES": [
					"CodeSignOnCopy"
				]
			}
		},
		"4EB2EC6E-491F-434F-94C1-96DD195848DD": {
			"isa": "PBXFileReference",
			"lastKnownFileType": "compiled.mach-o.dylib",
			"name": "libtensorflow.2.8.0.dylib",
			"path": "../../../addons/ofxTensorFlow2/libs/tensorflow/lib/osx/libtensorflow.2.8.0.dylib",
			"sourceTree": "SOURCE_ROOT"
		},
		"5077E09D-0436-4E5E-A723-14DAF25966C4": {
			"explicitFileType": "sourcecode.c.h",
			"fileEncoding": "4",
			"isa": "PBXFileReference",
			"name": "tf_attrtype.h",
			"path": "../../../addons/ofxTensorFlow2/libs/tensorflow/include/tensorflow/c/tf_attrtype.h",
			"sourceTree": "SOURCE_ROOT"
		},
		"53FA5975-B598-4389-B317-CE002E986C5F": {
			"explicitFileType": "sourcecode.c.h",
			"fileEncoding": "4",
			"isa": "PBXFileReference",
			"name": "tf_tstring.h",
			"path": "../../../addons/ofxTensorFlow2/libs/tensorflow/include/tensorflow/c/tf_tstring.h",
			"sourceTree": "SOURCE_ROOT"
		},
		"55321B34-68B6-4F99-B1E5-E7E88B1A601F": {
			"fileRef": "59FFB375-9A44-4EB6-807B-BE31EDE3368A",
			"isa": "PBXBuildFile",
			"settings": {
				"ATTRIBUTES": [
					"CodeSignOnCopy"
				]
			}
		},
		"586742B5-7897-4D37-9DAA-2D9519984EDB": {
			"isa": "PBXFileReference",
			"lastKnownFileType": "compiled.mach-o.dylib",
			"name": "libtensorflow_framework.dylib",
			"path": "../../../addons/ofxTensorFlow2/libs/tensorflow/lib/osx/libtensorflow_framework.dylib",
			"sourceTree": "SOURCE_ROOT"
		},
		"5909C227-EBEC-477B-884F-B3451FAD4DBE": {
			"explicitFileType": "sourcecode.c.h",
			"fileEncoding": "4",
			"isa": "PBXFileReference",
			"name": "c_api_experimental.h",
			"path": "../../../addons/ofxTensorFlow2/libs/tensorflow/include/tensorflow/c/c_api_experimental.h",
			"sourceTree": "SOURCE_ROOT"
		},
		"59FFB375-9A44-4EB6-807B-BE31EDE3368A": {
			"isa": "PBXFileReference",
			"lastKnownFileType": "compiled.mach-o.dylib",
			"name": "libtensorflow_framework.2.8.0.dylib",
			"path": "../../../addons/ofxTensorFlow2/libs/tensorflow/lib/osx/libtensorflow_framework.2.8.0.dylib",
			"sourceTree": "SOURCE_ROOT"
		},
		"5F26581D-6FA1-4E55-82E7-35E63EC7E7A9": {
			"fileRef": "8B1F44AE-E6D7-4E0D-835B-00185327237F",
			"isa": "PBXBuildFile"
		},
		"5F3DB854-4E18-49DA-9B33-D57D75899536": {
			"children": [
				"8FF380D0-3617-468D-8A68-3250C68627F0",
				"32E8FAC5-83F6-42BA-A6D0-A71B725DE4A4",
				"1668E82D-020F-4543-9D7A-CCED0FE8814C"
			],
			"isa": "PBXGroup",
			"name": "eager",
			"path": "../../../addons/ofxTensorFlow2/libs/tensorflow/include/tensorflow/c/eager",
			"sourceTree": "SOURCE_ROOT"
		},
		"620621A0-8782-46AA-AAD8-68C2E88339C7": {
			"explicitFileType": "sourcecode.c.h",
			"fileEncoding": "4",
			"isa": "PBXFileReference",
			"name": "datatype.h",
			"path": "../../../addons/ofxTensorFlow2/libs/cppflow/include/cppflow/datatype.h",
			"sourceTree": "SOURCE_ROOT"
		},
		"6629E124-155C-45DF-A784-03FB9818563B": {
			"explicitFileType": "sourcecode.c.h",
			"fileEncoding": "4",
			"isa": "PBXFileReference",
			"name": "ops.h",
			"path": "../../../addons/ofxTensorFlow2/libs/cppflow/include/cppflow/ops.h",
			"sourceTree": "SOURCE_ROOT"
		},
		"664172FB-2109-461D-8408-73B6B20CB890": {
			"fileRef": "361E6F56-C65F-493C-B1AD-4DC2546D39E9",
			"isa": "PBXBuildFile"
		},
		"68D51531-6522-4B44-83E4-413FF995E758": {
			"fileRef": "4EB2EC6E-491F-434F-94C1-96DD195848DD",
			"isa": "PBXBuildFile",
			"settings": {
				"ATTRIBUTES": [
					"CodeSignOnCopy"
				]
			}
		},
		"6F9D416F-69BF-4D1F-BD95-8A1B69E100C5": {
			"fileRef": "BD5ED981-B276-4644-94B2-54AB4497E45B",
			"isa": "PBXBuildFile"
		},
		"73AFFF0C-B075-4948-BEFF-F71843969FB6": {
			"explicitFileType": "sourcecode.c.h",
			"fileEncoding": "4",
			"isa": "PBXFileReference",
			"name": "c_api.h",
			"path": "../../../addons/ofxTensorFlow2/libs/tensorflow/include/tensorflow/c/c_api.h",
			"sourceTree": "SOURCE_ROOT"
		},
		"7403B5D0-BFBA-4396-8C24-DA761E5358C5": {
			"isa": "PBXFileReference",
			"lastKnownFileType": "compiled.mach-o.dylib",
			"name": "libtensorflow.2.dylib",
			"path": "../../../addons/ofxTensorFlow2/libs/tensorflow/lib/osx/libtensorflow.2.dylib",
			"sourceTree": "SOURCE_ROOT"
		},
		"7D71B230-9405-45E2-918D-1E39F1DC8AE8": {
			"fileRef": "B75376AC-1270-4C9E-B445-44CA3F9E87CA",
			"isa": "PBXBuildFile"
		},
		"844A9E42-2081-4EF0-8FA5-D65A034F2D68": {
			"explicitFileType": "sourcecode.c.h",
			"fileEncoding": "4",
			"isa": "PBXFileReference",
			"name": "ofxGuiGroup.h",
			"path": "../../../addons/ofxGui/src/ofxGuiGroup.h",
			"sourceTree": "SOURCE_ROOT"
		},
		"8B1F44AE-E6D7-4E0D-835B-00185327237F": {
			"explicitFileType": "sourcecode.cpp.cpp",
			"fileEncoding": "4",
			"isa": "PBXFileReference",
			"name": "ofxSlider.cpp",
			"path": "../../../addons/ofxGui/src/ofxSlider.cpp",
			"sourceTree": "SOURCE_ROOT"
		},
		"8B56DFDA-8062-412F-A215-3675C3F96161": {
			"explicitFileType": "sourcecode.c.h",
			"fileEncoding": "4",
			"isa": "PBXFileReference",
			"name": "ctstring_internal.h",
			"path": "../../../addons/ofxTensorFlow2/libs/tensorflow/include/tensorflow/core/platform/ctstring_internal.h",
			"sourceTree": "SOURCE_ROOT"
		},
		"8E15ABDC-113F-498E-B326-61DC6DCB5C93": {
			"fileRef": "29DADB7E-F009-4FD8-BEC6-D71D05E568FF",
			"isa": "PBXBuildFile"
		},
		"8FF380D0-3617-468D-8A68-3250C68627F0": {
			"explicitFileType": "sourcecode.c.h",
			"fileEncoding": "4",
			"isa": "PBXFileReference",
			"name": "c_api.h",
			"path": "../../../addons/ofxTensorFlow2/libs/tensorflow/include/tensorflow/c/eager/c_api.h",
			"sourceTree": "SOURCE_ROOT"
		},
		"92F67D3E-8DB8-4535-B26D-5084393D00D9": {
			"fileRef": "59FFB375-9A44-4EB6-807B-BE31EDE3368A",
			"isa": "PBXBuildFile",
			"settings": {
				"ATTRIBUTES": [
					"CodeSignOnCopy"
				]
			}
		},
		"932046F0-7685-449E-8B2D-2FB6062A32DF": {
			"children": [
				"16F8922C-4573-4484-A57A-0FA8A1FFC010"
			],
			"isa": "PBXGroup",
			"name": "lib",
			"sourceTree": "SOURCE_ROOT"
		},
		"949FC31D-8A75-4983-963D-941BE630A56E": {
			"explicitFileType": "sourcecode.c.h",
			"fileEncoding": "4",
			"isa": "PBXFileReference",
			"name": "ofxGui.h",
			"path": "../../../addons/ofxGui/src/ofxGui.h",
			"sourceTree": "SOURCE_ROOT"
		},
		"95885A3D-8B0A-40AB-88A3-A9D43D2008AB": {
			"fileRef": "7403B5D0-BFBA-4396-8C24-DA761E5358C5",
			"isa": "PBXBuildFile",
			"settings": {
				"ATTRIBUTES": [
					"CodeSignOnCopy"
				]
			}
		},
		"9AC48606-9F7F-4718-8343-EFC5EA0E9EEB": {
			"explicitFileType": "sourcecode.cpp.cpp",
			"fileEncoding": "4",
			"isa": "PBXFileReference",
			"name": "ofxPanel.cpp",
			"path": "../../../addons/ofxGui/src/ofxPanel.cpp",
			"sourceTree": "SOURCE_ROOT"
		},
		"9BD0DEEB-8BFE-4F0D-B1A3-0D2EB64D3D79": {
			"explicitFileType": "sourcecode.c.h",
			"fileEncoding": "4",
			"isa": "PBXFileReference",
			"name": "ofxSlider.h",
			"path": "../../../addons/ofxGui/src/ofxSlider.h",
			"sourceTree": "SOURCE_ROOT"
		},
		"9EC0B157-E455-42CA-AD09-2DF4F4A328C9": {
			"children": [
				"1C9F7D59-00A6-42A2-A3E4-E18CBF5087B9",
				"39DD3CCD-3C04-4BCD-9E44-1DC5B651FE34",
				"620621A0-8782-46AA-AAD8-68C2E88339C7",
				"F3953720-E620-4C12-B823-02291CAA69EE",
				"C450D634-1923-4842-811B-D6F101015015",
				"6629E124-155C-45DF-A784-03FB9818563B",
				"3D13DA7C-F024-4C14-B15A-28385A6BC822",
				"B3183FEB-67AA-4A2E-AFAB-70D8971CEC29"
			],
			"isa": "PBXGroup",
			"name": "cppflow",
			"path": "../../../addons/ofxTensorFlow2/libs/cppflow/include/cppflow",
			"sourceTree": "SOURCE_ROOT"
		},
		"A584C942-C480-49F6-A199-DBECC5621812": {
			"isa": "PBXFileReference",
			"lastKnownFileType": "compiled.mach-o.dylib",
			"name": "libtensorflow.dylib",
			"path": "../../../addons/ofxTensorFlow2/libs/tensorflow/lib/osx/libtensorflow.dylib",
			"sourceTree": "SOURCE_ROOT"
		},
		"A59F76D3-32CF-409D-95F5-33A017488766": {
			"explicitFileType": "sourcecode.cpp.cpp",
			"fileEncoding": "4",
			"isa": "PBXFileReference",
			"name": "ofxSliderGroup.cpp",
			"path": "../../../addons/ofxGui/src/ofxSliderGroup.cpp",
			"sourceTree": "SOURCE_ROOT"
		},
		"B2CAE62B-9A39-46A5-BC28-5C814B7176F8": {
			"fileRef": "A59F76D3-32CF-409D-95F5-33A017488766",
			"isa": "PBXBuildFile"
		},
		"B3183FEB-67AA-4A2E-AFAB-70D8971CEC29": {
			"explicitFileType": "sourcecode.c.h",
			"fileEncoding": "4",
			"isa": "PBXFileReference",
			"name": "tensor.h",
			"path": "../../../addons/ofxTensorFlow2/libs/cppflow/include/cppflow/tensor.h",
			"sourceTree": "SOURCE_ROOT"
		},
		"B63964D3-B835-47F8-9D95-3FACEB30BA62": {
			"explicitFileType": "sourcecode.c.h",
			"fileEncoding": "4",
			"isa": "PBXFileReference",
			"name": "ofxToggle.h",
			"path": "../../../addons/ofxGui/src/ofxToggle.h",
			"sourceTree": "SOURCE_ROOT"
		},
		"B75376AC-1270-4C9E-B445-44CA3F9E87CA": {
			"explicitFileType": "sourcecode.cpp.cpp",
			"fileEncoding": "4",
			"isa": "PBXFileReference",
			"name": "ofxToggle.cpp",
			"path": "../../../addons/ofxGui/src/ofxToggle.cpp",
			"sourceTree": "SOURCE_ROOT"
		},
		"BB4B014C10F69532006C3DED": {
			"children": [
				"FCC4B10A-91DF-4985-8ADB-634453421B2F",
				"C0F017D9-14B2-4390-9936-17519CB1B58E"
			],
			"isa": "PBXGroup",
			"name": "addons",
			"path": "../../../addons",
			"sourceTree": "<group>"
		},
		"BD5ED981-B276-4644-94B2-54AB4497E45B": {
			"explicitFileType": "sourcecode.cpp.cpp",
			"fileEncoding": "4",
			"isa": "PBXFileReference",
			"name": "ofxBaseGui.cpp",
			"path": "../../../addons/ofxGui/src/ofxBaseGui.cpp",
			"sourceTree": "SOURCE_ROOT"
		},
		"BE18DA60-2060-4FCF-8F64-4122C3F859FA": {
			"explicitFileType": "sourcecode.c.h",
			"fileEncoding": "4",
			"isa": "PBXFileReference",
			"name": "ofxInputField.h",
			"path": "../../../addons/ofxGui/src/ofxInputField.h",
			"sourceTree": "SOURCE_ROOT"
		},
		"BF5AE42F-2716-438D-A349-6E0EA969807B": {
			"fileRef": "586742B5-7897-4D37-9DAA-2D9519984EDB",
			"isa": "PBXBuildFile",
			"settings": {
				"ATTRIBUTES": [
					"CodeSignOnCopy"
				]
			}
		},
		"C0F017D9-14B2-4390-9936-17519CB1B58E": {
			"children": [
				"C9EB5582-746E-499E-8217-72CC57E25BD4",
				"2CAAD497-7753-4F87-ADAB-7C24989162A4"
			],
			"isa": "PBXGroup",
			"name": "ofxTensorFlow2",
			"sourceTree": "SOURCE_ROOT"
		},
		"C450D634-1923-4842-811B-D6F101015015": {
			"explicitFileType": "sourcecode.c.h",
			"fileEncoding": "4",
			"isa": "PBXFileReference",
			"name": "model.h",
			"path": "../../../addons/ofxTensorFlow2/libs/cppflow/include/cppflow/model.h",
			"sourceTree": "SOURCE_ROOT"
		},
		"C4A5AA21-5DBD-4584-B0A9-9E54AA871038": {
			"explicitFileType": "sourcecode.c.h",
			"fileEncoding": "4",
			"isa": "PBXFileReference",
			"name": "c_api_macros.h",
			"path": "../../../addons/ofxTensorFlow2/libs/tensorflow/include/tensorflow/c/c_api_macros.h",
			"sourceTree": "SOURCE_ROOT"
		},
		"C4EFA7F6-3FAA-4BEA-A16D-A7F56ED67F3D": {
			"fileRef": "4EB2EC6E-491F-434F-94C1-96DD195848DD",
			"isa": "PBXBuildFile",
			"settings": {
				"ATTRIBUTES": [
					"CodeSignOnCopy"
				]
			}
		},
		"C708C45C-70E9-47A8-B765-62CD64B5A6CF": {
			"explicitFileType": "sourcecode.cpp.cpp",
			"fileEncoding": "4",
			"isa": "PBXFileReference",
			"name": "ofxButton.cpp",
			"path": "../../../addons/ofxGui/src/ofxButton.cpp",
			"sourceTree": "SOURCE_ROOT"
		},
		"C75AE4D1-75BA-48A2-BD30-F91FD56E98D4": {
			"children": [
				"BD5ED981-B276-4644-94B2-54AB4497E45B",
				"0F3AEA51-A642-44EC-AA06-9DB9D6CECC68",
				"C708C45C-70E9-47A8-B765-62CD64B5A6CF",
				"E9868B75-1C6F-4D22-AB1C-C7622DD00600",
				"29DADB7E-F009-4FD8-BEC6-D71D05E568FF",
				"1139448C-BF99-4D5A-B3B9-CA8046BCB189",
				"949FC31D-8A75-4983-963D-941BE630A56E",
				"37118E6C-C461-43F3-8183-3D4E63487684",
				"844A9E42-2081-4EF0-8FA5-D65A034F2D68",
				"C9831278-E663-429E-A33F-47A3D6207809",
				"37331554-6AFC-4D5E-A6C7-AE9CF661256B",
				"BE18DA60-2060-4FCF-8F64-4122C3F859FA",
				"361E6F56-C65F-493C-B1AD-4DC2546D39E9",
				"010E3072-5092-4F75-901A-543D4C08D239",
				"9AC48606-9F7F-4718-8343-EFC5EA0E9EEB",
				"CD1AF61B-8130-4DFA-BC7A-A0CE177A6C6E",
				"8B1F44AE-E6D7-4E0D-835B-00185327237F",
				"9BD0DEEB-8BFE-4F0D-B1A3-0D2EB64D3D79",
				"A59F76D3-32CF-409D-95F5-33A017488766",
				"D07727F5-F22D-4803-B73D-1772AD34F985",
				"B75376AC-1270-4C9E-B445-44CA3F9E87CA",
				"B63964D3-B835-47F8-9D95-3FACEB30BA62"
			],
			"isa": "PBXGroup",
			"name": "src",
			"path": "../../../addons/ofxGui/src",
			"sourceTree": "SOURCE_ROOT"
		},
		"C9831278-E663-429E-A33F-47A3D6207809": {
			"explicitFileType": "sourcecode.c.h",
			"fileEncoding": "4",
			"isa": "PBXFileReference",
			"name": "ofxGuiUtils.h",
			"path": "../../../addons/ofxGui/src/ofxGuiUtils.h",
			"sourceTree": "SOURCE_ROOT"
		},
		"C9EB5582-746E-499E-8217-72CC57E25BD4": {
			"children": [
				"D2F1F662-2B98-4B15-8449-825D90433B2E",
				"47880017-AEF9-40E8-9F4D-31002598278E"
			],
			"isa": "PBXGroup",
			"name": "libs",
			"sourceTree": "SOURCE_ROOT"
		},
		"C9FCDF40-05AE-46CB-BC76-039D60229402": {
			"fileRef": "D33E7882-59F9-49EB-9A0B-349679211A7A",
			"isa": "PBXBuildFile"
		},
		"CD1AF61B-8130-4DFA-BC7A-A0CE177A6C6E": {
			"explicitFileType": "sourcecode.c.h",
			"fileEncoding": "4",
			"isa": "PBXFileReference",
			"name": "ofxPanel.h",
			"path": "../../../addons/ofxGui/src/ofxPanel.h",
			"sourceTree": "SOURCE_ROOT"
		},
		"CD1E7E1E-69C9-4096-B0D0-152F30B657FD": {
			"fileRef": "C708C45C-70E9-47A8-B765-62CD64B5A6CF",
			"isa": "PBXBuildFile"
		},
		"D07727F5-F22D-4803-B73D-1772AD34F985": {
			"explicitFileType": "sourcecode.c.h",
			"fileEncoding": "4",
			"isa": "PBXFileReference",
			"name": "ofxSliderGroup.h",
			"path": "../../../addons/ofxGui/src/ofxSliderGroup.h",
			"sourceTree": "SOURCE_ROOT"
		},
		"D0D5D034-51E5-469D-A6C6-22D63EDF7F02": {
			"fileRef": "9AC48606-9F7F-4718-8343-EFC5EA0E9EEB",
			"isa": "PBXBuildFile"
		},
		"D20994E7-847B-42F3-AD5F-CA41CBB7DA96": {
			"children": [
				"0E617673-1E67-4270-9006-818540B83313"
			],
			"isa": "PBXGroup",
			"name": "core",
			"path": "../../../addons/ofxTensorFlow2/libs/tensorflow/include/tensorflow/core",
			"sourceTree": "SOURCE_ROOT"
		},
		"D2F1F662-2B98-4B15-8449-825D90433B2E": {
			"children": [
				"932046F0-7685-449E-8B2D-2FB6062A32DF",
				"1F47F2CE-7A77-4BB3-8888-FA61A0E1EDB1"
			],
			"isa": "PBXGroup",
			"name": "tensorflow",
			"sourceTree": "SOURCE_ROOT"
		},
		"D33E7882-59F9-49EB-9A0B-349679211A7A": {
			"explicitFileType": "sourcecode.cpp.cpp",
			"fileEncoding": "4",
			"isa": "PBXFileReference",
			"name": "ofxTF2Model.cpp",
			"path": "../../../addons/ofxTensorFlow2/src/ofxTF2Model.cpp",
			"sourceTree": "SOURCE_ROOT"
		},
		"D3860293-0C16-4107-948C-16F170631F30": {
			"explicitFileType": "sourcecode.cpp.cpp",
			"fileEncoding": "4",
			"isa": "PBXFileReference",
			"name": "ofxTensorFlow2Utils.cpp",
			"path": "../../../addons/ofxTensorFlow2/src/ofxTensorFlow2Utils.cpp",
			"sourceTree": "SOURCE_ROOT"
		},
		"D5A748A6-8D56-470D-8AC4-2C4278DF455D": {
			"explicitFileType": "sourcecode.c.h",
			"fileEncoding": "4",
			"isa": "PBXFileReference",
			"name": "ofxTF2Model.h",
			"path": "../../../addons/ofxTensorFlow2/src/ofxTF2Model.h",
			"sourceTree": "SOURCE_ROOT"
		},
		"D65C33A2-5460-47B6-84FE-37DBE6C636A5": {
			"fileRef": "31167A8F-62BC-4880-A3FE-74C21F8D2677",
			"isa": "PBXBuildFile"
		},
		"E115D11D-768E-4C5D-8ACC-7FFB92C92AD5": {
			"explicitFileType": "sourcecode.c.h",
			"fileEncoding": "4",
			"isa": "PBXFileReference",
			"name": "ctstring.h",
			"path": "../../../addons/ofxTensorFlow2/libs/tensorflow/include/tensorflow/core/platform/ctstring.h",
			"sourceTree": "SOURCE_ROOT"
		},
		"E42962A92163ECCD00A6A9E2": {
			"alwaysOutOfDate": "1",
			"buildActionMask": "2147483647",
			"files": [],
			"inputPaths": [],
			"isa": "PBXShellScriptBuildPhase",
			"name": "Run Script — Compile OF",
			"outputPaths": [],
			"runOnlyForDeploymentPostprocessing": "0",
			"shellPath": "/bin/sh",
			"shellScript": "echo \"💾 Compiling Openframeworks\"\nxcodebuild -project \"$OF_PATH/libs/openFrameworksCompiled/project/osx/openFrameworksLib.xcodeproj\" -target openFrameworks -configuration \"${CONFIGURATION}\"  CLANG_CXX_LANGUAGE_STANDARD=$CLANG_CXX_LANGUAGE_STANDARD MACOSX_DEPLOYMENT_TARGET=$MACOSX_DEPLOYMENT_TARGET GCC_PREPROCESSOR_DEFINITIONS=$USER_PREPROCESSOR_DEFINITIONS\n",
			"showEnvVarsInLog": "0"
		},
		"E4A5B60F29BAAAE400C2D356": {
			"buildActionMask": "2147483647",
			"dstPath": "",
			"dstSubfolderSpec": "6",
			"files": [
				"F742A503-A17B-4E3A-8E3F-252DAB01B8A6",
				"55321B34-68B6-4F99-B1E5-E7E88B1A601F",
				"4C7C2313-5E36-4AAE-8A77-F18EA1D4CDA0",
				"95885A3D-8B0A-40AB-88A3-A9D43D2008AB",
				"C4EFA7F6-3FAA-4BEA-A16D-A7F56ED67F3D",
				"EB2755BB-C14E-4A2E-9533-6427D4EA0418"
			],
			"isa": "PBXCopyFilesBuildPhase",
			"runOnlyForDeploymentPostprocessing": "0"
		},
		"E4B69B4A0A3A1720003C02F2": {
			"children": [
				"191CD6FA2847E21E0085CBB6",
				"E4B6FCAD0C3E899E008CF71C",
				"E4EB6923138AFD0F00A09F29",
				"E4B69E1C0A3A1BDC003C02F2",
				"191EF70929D778A400F35F26",
				"BB4B014C10F69532006C3DED",
				"E4B69B5B0A3A1756003C02F2"
			],
			"isa": "PBXGroup",
			"sourceTree": "<group>"
		},
		"E4B69B4C0A3A1720003C02F2": {
			"attributes": {
				"LastUpgradeCheck": "0600"
			},
			"buildConfigurationList": "E4B69B4D0A3A1720003C02F2",
			"compatibilityVersion": "Xcode 3.2",
			"developmentRegion": "en",
			"hasScannedForEncodings": "0",
			"isa": "PBXProject",
			"knownRegions": [
				"en",
				"Base"
			],
			"mainGroup": "E4B69B4A0A3A1720003C02F2",
			"productRefGroup": "E4B69B4A0A3A1720003C02F2",
			"projectDirPath": "",
			"projectRoot": "",
			"targets": [
				"E4B69B5A0A3A1756003C02F2"
			]
		},
		"E4B69B4D0A3A1720003C02F2": {
			"buildConfigurations": [
				"E4B69B4E0A3A1720003C02F2",
				"E4B69B4F0A3A1720003C02F2"
			],
			"defaultConfigurationIsVisible": "0",
			"defaultConfigurationName": "Release",
			"isa": "XCConfigurationList"
		},
		"E4B69B4E0A3A1720003C02F2": {
			"baseConfigurationReference": "E4EB6923138AFD0F00A09F29",
			"buildSettings": {
				"CODE_SIGN_ENTITLEMENTS": "of.entitlements",
				"COPY_PHASE_STRIP": "NO",
				"ENABLE_TESTABILITY": "YES",
				"GCC_OPTIMIZATION_LEVEL": "0",
				"GCC_WARN_UNUSED_VARIABLE": "NO",
				"HEADER_SEARCH_PATHS": [
					"$(OF_CORE_HEADERS)",
					"src"
				],
				"OTHER_CPLUSPLUSFLAGS": "-D__MACOSX_CORE__"
			},
			"isa": "XCBuildConfiguration",
			"name": "Debug"
		},
		"E4B69B4F0A3A1720003C02F2": {
			"baseConfigurationReference": "E4EB6923138AFD0F00A09F29",
			"buildSettings": {
				"CODE_SIGN_ENTITLEMENTS": "of.entitlements",
				"COPY_PHASE_STRIP": "YES",
				"GCC_OPTIMIZATION_LEVEL": "3",
				"GCC_UNROLL_LOOPS": "YES",
				"HEADER_SEARCH_PATHS": [
					"$(OF_CORE_HEADERS)",
					"src"
				],
				"OTHER_CPLUSPLUSFLAGS": "-D__MACOSX_CORE__"
			},
			"isa": "XCBuildConfiguration",
			"name": "Release"
		},
		"E4B69B580A3A1756003C02F2": {
			"buildActionMask": "2147483647",
			"files": [
				"E4B69E200A3A1BDC003C02F2",
				"E4B69E210A3A1BDC003C02F2",
				"6F9D416F-69BF-4D1F-BD95-8A1B69E100C5",
				"CD1E7E1E-69C9-4096-B0D0-152F30B657FD",
				"8E15ABDC-113F-498E-B326-61DC6DCB5C93",
				"0BB7E136-87BD-44C3-87BB-4CF78CEE2077",
				"00057A5D-CDF4-40FD-807E-169E3BD47339",
				"664172FB-2109-461D-8408-73B6B20CB890",
				"D0D5D034-51E5-469D-A6C6-22D63EDF7F02",
				"5F26581D-6FA1-4E55-82E7-35E63EC7E7A9",
				"B2CAE62B-9A39-46A5-BC28-5C814B7176F8",
				"7D71B230-9405-45E2-918D-1E39F1DC8AE8",
				"C9FCDF40-05AE-46CB-BC76-039D60229402",
				"D65C33A2-5460-47B6-84FE-37DBE6C636A5",
				"11F362EC-A1E9-435E-B18E-02342584056A"
			],
			"isa": "PBXSourcesBuildPhase",
			"runOnlyForDeploymentPostprocessing": "0"
		},
		"E4B69B590A3A1756003C02F2": {
			"buildActionMask": "2147483647",
			"files": [],
			"isa": "PBXFrameworksBuildPhase",
			"runOnlyForDeploymentPostprocessing": "0"
		},
		"E4B69B5A0A3A1756003C02F2": {
			"buildConfigurationList": "E4B69B5F0A3A1757003C02F2",
			"buildPhases": [
				"E42962A92163ECCD00A6A9E2",
				"E4B69B580A3A1756003C02F2",
				"E4B69B590A3A1756003C02F2",
				"E4C2427710CC5ABF004149E2",
				"E4A5B60F29BAAAE400C2D356",
				"19B789C429E5AB4A0082E9B8"
			],
			"buildRules": [],
			"dependencies": [],
			"isa": "PBXNativeTarget",
			"name": "Blow_Up",
			"productName": "myOFApp",
			"productReference": "E4B69B5B0A3A1756003C02F2",
			"productType": "com.apple.product-type.application"
		},
		"E4B69B5B0A3A1756003C02F2": {
			"explicitFileType": "wrapper.application",
			"includeInIndex": "0",
			"isa": "PBXFileReference",
			"path": "Blow_UpDebug.app",
			"sourceTree": "BUILT_PRODUCTS_DIR"
		},
		"E4B69B5F0A3A1757003C02F2": {
			"buildConfigurations": [
				"E4B69B600A3A1757003C02F2",
				"E4B69B610A3A1757003C02F2"
			],
			"defaultConfigurationIsVisible": "0",
			"defaultConfigurationName": "Release",
			"isa": "XCConfigurationList"
		},
		"E4B69B600A3A1757003C02F2": {
			"baseConfigurationReference": "E4EB6923138AFD0F00A09F29",
			"buildSettings": {
				"ARCHS": "$(ARCHS_STANDARD)",
				"COPY_PHASE_STRIP": "NO",
				"FRAMEWORK_SEARCH_PATHS": "$(inherited)",
				"GCC_DYNAMIC_NO_PIC": "NO",
				"HEADER_SEARCH_PATHS": [
					"$(OF_CORE_HEADERS)",
					"src",
					"src",
					"../../../addons/ofxGui/src",
					"../../../addons/ofxTensorFlow2/libs",
					"../../../addons/ofxTensorFlow2/libs/cppflow",
					"../../../addons/ofxTensorFlow2/libs/cppflow/docs",
					"../../../addons/ofxTensorFlow2/libs/cppflow/docs/source",
					"../../../addons/ofxTensorFlow2/libs/cppflow/examples",
					"../../../addons/ofxTensorFlow2/libs/cppflow/include",
					"../../../addons/ofxTensorFlow2/libs/cppflow/include/cppflow",
					"../../../addons/ofxTensorFlow2/libs/cppflow/include/cppflow/ops_generator",
					"../../../addons/ofxTensorFlow2/libs/tensorflow",
					"../../../addons/ofxTensorFlow2/libs/tensorflow/include",
					"../../../addons/ofxTensorFlow2/libs/tensorflow/include/tensorflow",
					"../../../addons/ofxTensorFlow2/libs/tensorflow/include/tensorflow/c",
					"../../../addons/ofxTensorFlow2/libs/tensorflow/include/tensorflow/c/eager",
					"../../../addons/ofxTensorFlow2/libs/tensorflow/include/tensorflow/core",
					"../../../addons/ofxTensorFlow2/libs/tensorflow/include/tensorflow/core/platform",
					"../../../addons/ofxTensorFlow2/libs/tensorflow/lib",
					"../../../addons/ofxTensorFlow2/libs/tensorflow/lib/osx",
					"../../../addons/ofxTensorFlow2/src",
					"../../../addons/ofxTensorFlow2/libs/cppflow/include",
					"../../../addons/ofxTensorFlow2/libs/tensorflow/include"
				],
				"LIBRARY_SEARCH_PATHS": "$(inherited)",
				"OTHER_LDFLAGS": [
					"$(OF_CORE_LIBS)",
					"$(OF_CORE_FRAMEWORKS)",
					"$(LIB_OF_DEBUG)",
					"../../../addons/ofxTensorFlow2/libs/tensorflow/lib/osx/libtensorflow.dylib",
					"../../../addons/ofxTensorFlow2/libs/tensorflow/lib/osx/libtensorflow_framework.2.8.0.dylib",
					"../../../addons/ofxTensorFlow2/libs/tensorflow/lib/osx/libtensorflow_framework.2.dylib",
					"../../../addons/ofxTensorFlow2/libs/tensorflow/lib/osx/libtensorflow.2.dylib",
					"../../../addons/ofxTensorFlow2/libs/tensorflow/lib/osx/libtensorflow.2.8.0.dylib",
					"../../../addons/ofxTensorFlow2/libs/tensorflow/lib/osx/libtensorflow_framework.dylib"
				]
			},
			"isa": "XCBuildConfiguration",
			"name": "Debug"
		},
		"E4B69B610A3A1757003C02F2": {
			"baseConfigurationReference": "E4EB6923138AFD0F00A09F29",
			"buildSettings": {
				"ARCHS": "$(ARCHS_STANDARD)",
				"COPY_PHASE_STRIP": "YES",
				"FRAMEWORK_SEARCH_PATHS": "$(inherited)",
				"HEADER_SEARCH_PATHS": [
					"$(OF_CORE_HEADERS)",
					"src",
					"src",
					"../../../addons/ofxGui/src",
					"../../../addons/ofxTensorFlow2/libs",
					"../../../addons/ofxTensorFlow2/libs/cppflow",
					"../../../addons/ofxTensorFlow2/libs/cppflow/docs",
					"../../../addons/ofxTensorFlow2/libs/cppflow/docs/source",
					"../../../addons/ofxTensorFlow2/libs/cppflow/examples",
					"../../../addons/ofxTensorFlow2/libs/cppflow/include",
					"../../../addons/ofxTensorFlow2/libs/cppflow/include/cppflow",
					"../../../addons/ofxTensorFlow2/libs/cppflow/include/cppflow/ops_generator",
					"../../../addons/ofxTensorFlow2/libs/tensorflow",
					"../../../addons/ofxTensorFlow2/libs/tensorflow/include",
					"../../../addons/ofxTensorFlow2/libs/tensorflow/include/tensorflow",
					"../../../addons/ofxTensorFlow2/libs/tensorflow/include/tensorflow/c",
					"../../../addons/ofxTensorFlow2/libs/tensorflow/include/tensorflow/c/eager",
					"../../../addons/ofxTensorFlow2/libs/tensorflow/include/tensorflow/core",
					"../../../addons/ofxTensorFlow2/libs/tensorflow/include/tensorflow/core/platform",
					"../../../addons/ofxTensorFlow2/libs/tensorflow/lib",
					"../../../addons/ofxTensorFlow2/libs/tensorflow/lib/osx",
					"../../../addons/ofxTensorFlow2/src",
					"../../../addons/ofxTensorFlow2/libs/cppflow/include",
					"../../../addons/ofxTensorFlow2/libs/tensorflow/include"
				],
				"LIBRARY_SEARCH_PATHS": "$(inherited)",
				"OTHER_LDFLAGS": [
					"$(OF_CORE_LIBS)",
					"$(OF_CORE_FRAMEWORKS)",
					"$(LIB_OF)",
					"../../../addons/ofxTensorFlow2/libs/tensorflow/lib/osx/libtensorflow.dylib",
					"../../../addons/ofxTensorFlow2/libs/tensorflow/lib/osx/libtensorflow_framework.2.8.0.dylib",
					"../../../addons/ofxTensorFlow2/libs/tensorflow/lib/osx/libtensorflow_framework.2.dylib",
					"../../../addons/ofxTensorFlow2/libs/tensorflow/lib/osx/libtensorflow.2.dylib",
					"../../../addons/ofxTensorFlow2/libs/tensorflow/lib/osx/libtensorflow.2.8.0.dylib",
					"../../../addons/ofxTensorFlow2/libs/tensorflow/lib/osx/libtensorflow_framework.dylib"
				],
				"baseConfigurationReference": "E4EB6923138AFD0F00A09F29"
			},
			"isa": "XCBuildConfiguration",
			"name": "Release"
		},
		"E4B69E1C0A3A1BDC003C02F2": {
			"children": [
				"E4B69E1D0A3A1BDC003C02F2",
				"E4B69E1E0A3A1BDC003C02F2",
				"E4B69E1F0A3A1BDC003C02F2",
				"11949C47-1BE9-49C7-ACC4-C435933D5E41"
			],
			"isa": "PBXGroup",
			"path": "src",
			"sourceTree": "SOURCE_ROOT"
		},
		"E4B69E1D0A3A1BDC003C02F2": {
			"fileEncoding": "4",
			"isa": "PBXFileReference",
			"lastKnownFileType": "sourcecode.cpp.cpp",
			"name": "main.cpp",
			"path": "src/main.cpp",
			"sourceTree": "SOURCE_ROOT"
		},
		"E4B69E1E0A3A1BDC003C02F2": {
			"explicitFileType": "sourcecode.cpp.cpp",
			"fileEncoding": "4",
			"isa": "PBXFileReference",
			"name": "ofApp.cpp",
			"path": "src/ofApp.cpp",
			"sourceTree": "SOURCE_ROOT"
		},
		"E4B69E1F0A3A1BDC003C02F2": {
			"fileEncoding": "4",
			"isa": "PBXFileReference",
			"lastKnownFileType": "sourcecode.c.h",
			"name": "ofApp.h",
			"path": "src/ofApp.h",
			"sourceTree": "SOURCE_ROOT"
		},
		"E4B69E200A3A1BDC003C02F2": {
			"fileRef": "E4B69E1D0A3A1BDC003C02F2",
			"isa": "PBXBuildFile"
		},
		"E4B69E210A3A1BDC003C02F2": {
			"fileRef": "E4B69E1E0A3A1BDC003C02F2",
			"isa": "PBXBuildFile"
		},
		"E4B6FCAD0C3E899E008CF71C": {
			"fileEncoding": "4",
			"isa": "PBXFileReference",
			"lastKnownFileType": "text.plist.xml",
			"path": "openFrameworks-Info.plist",
			"sourceTree": "<group>"
		},
		"E4C2427710CC5ABF004149E2": {
			"buildActionMask": "2147483647",
			"dstPath": "",
			"dstSubfolderSpec": "10",
			"files": [],
			"isa": "PBXCopyFilesBuildPhase",
			"runOnlyForDeploymentPostprocessing": "0"
		},
		"E4EB6923138AFD0F00A09F29": {
			"fileEncoding": "4",
			"isa": "PBXFileReference",
			"lastKnownFileType": "text.xcconfig",
			"path": "Project.xcconfig",
			"sourceTree": "<group>"
		},
		"E603A969-63B2-46D5-8689-037A2E9DF662": {
			"explicitFileType": "sourcecode.c.h",
			"fileEncoding": "4",
			"isa": "PBXFileReference",
			"name": "ofxTensorFlow2.h",
			"path": "../../../addons/ofxTensorFlow2/src/ofxTensorFlow2.h",
			"sourceTree": "SOURCE_ROOT"
		},
		"E7C26373-FE7F-4390-9B66-9F213E7B9EEF": {
			"explicitFileType": "sourcecode.c.h",
			"fileEncoding": "4",
			"isa": "PBXFileReference",
			"name": "ofxTF2ThreadedModel.h",
			"path": "../../../addons/ofxTensorFlow2/src/ofxTF2ThreadedModel.h",
			"sourceTree": "SOURCE_ROOT"
		},
		"E9868B75-1C6F-4D22-AB1C-C7622DD00600": {
			"explicitFileType": "sourcecode.c.h",
			"fileEncoding": "4",
			"isa": "PBXFileReference",
			"name": "ofxButton.h",
			"path": "../../../addons/ofxGui/src/ofxButton.h",
			"sourceTree": "SOURCE_ROOT"
		},
		"EB2755BB-C14E-4A2E-9533-6427D4EA0418": {
			"fileRef": "586742B5-7897-4D37-9DAA-2D9519984EDB",
			"isa": "PBXBuildFile",
			"settings": {
				"ATTRIBUTES": [
					"CodeSignOnCopy"
				]
			}
		},
		"F3953720-E620-4C12-B823-02291CAA69EE": {
			"explicitFileType": "sourcecode.c.h",
			"fileEncoding": "4",
			"isa": "PBXFileReference",
			"name": "defer.h",
			"path": "../../../addons/ofxTensorFlow2/libs/cppflow/include/cppflow/defer.h",
			"sourceTree": "SOURCE_ROOT"
		},
		"F6C031AD-DB26-4EAA-8BDE-794F41F63664": {
			"fileRef": "7403B5D0-BFBA-4396-8C24-DA761E5358C5",
			"isa": "PBXBuildFile",
			"settings": {
				"ATTRIBUTES": [
					"CodeSignOnCopy"
				]
			}
		},
		"F70EB428-8DAD-4009-B90A-63A072647F84": {
			"explicitFileType": "sourcecode.c.h",
			"fileEncoding": "4",
			"isa": "PBXFileReference",
			"name": "ofxTensorFlow2Utils.h",
			"path": "../../../addons/ofxTensorFlow2/src/ofxTensorFlow2Utils.h",
			"sourceTree": "SOURCE_ROOT"
		},
		"F742A503-A17B-4E3A-8E3F-252DAB01B8A6": {
			"fileRef": "A584C942-C480-49F6-A199-DBECC5621812",
			"isa": "PBXBuildFile",
			"settings": {
				"ATTRIBUTES": [
					"CodeSignOnCopy"
				]
			}
		},
		"F970CDB2-A0BD-4AE2-ACF0-8601C9C418F2": {
			"isa": "PBXFileReference",
			"lastKnownFileType": "compiled.mach-o.dylib",
			"name": "libtensorflow_framework.2.dylib",
			"path": "../../../addons/ofxTensorFlow2/libs/tensorflow/lib/osx/libtensorflow_framework.2.dylib",
			"sourceTree": "SOURCE_ROOT"
		},
		"FCC4B10A-91DF-4985-8ADB-634453421B2F": {
			"children": [
				"C75AE4D1-75BA-48A2-BD30-F91FD56E98D4"
			],
			"isa": "PBXGroup",
			"name": "ofxGui",
			"path": "../../../addons/ofxGui",
			"sourceTree": "SOURCE_ROOT"
		},
		"FE73CF9C-5441-46A0-B5BB-CBB8B51E7C45": {
			"explicitFileType": "sourcecode.c.h",
			"fileEncoding": "4",
			"isa": "PBXFileReference",
			"name": "tf_datatype.h",
			"path": "../../../addons/ofxTensorFlow2/libs/tensorflow/include/tensorflow/c/tf_datatype.h",
			"sourceTree": "SOURCE_ROOT"
		}
	},
	"openFrameworksProjectGeneratorVersion": "21",
	"rootObject": "E4B69B4C0A3A1720003C02F2"
}